// !$*UTF8*$!
{
	archiveVersion = 1;
	classes = {
	};
	objectVersion = 46;
	objects = {

/* Begin PBXBuildFile section */
		6F9D9A687D50D94F2D6DE90E /* Pods_ThreadsApp.framework in Frameworks */ = {isa = PBXBuildFile; fileRef = 1B1F74A606416031B4A13889 /* Pods_ThreadsApp.framework */; };
		AA28974B214A383100B196BF /* ChatInStackController.m in Sources */ = {isa = PBXBuildFile; fileRef = AA28974A214A383100B196BF /* ChatInStackController.m */; };
		AA54DA271F71084200B10AA8 /* Threads.framework in Frameworks */ = {isa = PBXBuildFile; fileRef = 80D587041D0D3386007E2AC8 /* Threads.framework */; };
		AA54DA281F71084200B10AA8 /* Threads.framework in Embed Frameworks */ = {isa = PBXBuildFile; fileRef = 80D587041D0D3386007E2AC8 /* Threads.framework */; settings = {ATTRIBUTES = (CodeSignOnCopy, RemoveHeadersOnCopy, ); }; };
		AA8827EF20E6599600241516 /* ic_dislike_stroked@2x.png in Resources */ = {isa = PBXBuildFile; fileRef = AA8827EB20E6599500241516 /* ic_dislike_stroked@2x.png */; };
		AA8827F020E6599600241516 /* ic_dislike_stroked@3x.png in Resources */ = {isa = PBXBuildFile; fileRef = AA8827EC20E6599600241516 /* ic_dislike_stroked@3x.png */; };
		AA8827F120E6599600241516 /* ic_dislike_filled@2x.png in Resources */ = {isa = PBXBuildFile; fileRef = AA8827ED20E6599600241516 /* ic_dislike_filled@2x.png */; };
		AA8827F220E6599600241516 /* ic_dislike_filled@3x.png in Resources */ = {isa = PBXBuildFile; fileRef = AA8827EE20E6599600241516 /* ic_dislike_filled@3x.png */; };
		AA8827FB20E659A800241516 /* ic_like_stroked@3x.png in Resources */ = {isa = PBXBuildFile; fileRef = AA8827F320E659A800241516 /* ic_like_stroked@3x.png */; };
		AA8827FC20E659A800241516 /* ic_like_filled@2x.png in Resources */ = {isa = PBXBuildFile; fileRef = AA8827F420E659A800241516 /* ic_like_filled@2x.png */; };
		AA8827FD20E659A800241516 /* ic_heart_filled@3x.png in Resources */ = {isa = PBXBuildFile; fileRef = AA8827F520E659A800241516 /* ic_heart_filled@3x.png */; };
		AA8827FE20E659A800241516 /* ic_heart_stroked@3x.png in Resources */ = {isa = PBXBuildFile; fileRef = AA8827F620E659A800241516 /* ic_heart_stroked@3x.png */; };
		AA8827FF20E659A800241516 /* ic_like_stroked@2x.png in Resources */ = {isa = PBXBuildFile; fileRef = AA8827F720E659A800241516 /* ic_like_stroked@2x.png */; };
		AA88280020E659A800241516 /* ic_heart_stroked@2x.png in Resources */ = {isa = PBXBuildFile; fileRef = AA8827F820E659A800241516 /* ic_heart_stroked@2x.png */; };
		AA88280120E659A800241516 /* ic_heart_filled@2x.png in Resources */ = {isa = PBXBuildFile; fileRef = AA8827F920E659A800241516 /* ic_heart_filled@2x.png */; };
		AA88280220E659A800241516 /* ic_like_filled@3x.png in Resources */ = {isa = PBXBuildFile; fileRef = AA8827FA20E659A800241516 /* ic_like_filled@3x.png */; };
		AA9028471F73AE2D0094F99D /* scroll_down_button_brs@2x.png in Resources */ = {isa = PBXBuildFile; fileRef = AA9028451F73AE2D0094F99D /* scroll_down_button_brs@2x.png */; };
		AA90284B1F73AE2D0094F99D /* scroll_down_button_brs@3x.png in Resources */ = {isa = PBXBuildFile; fileRef = AA9028461F73AE2D0094F99D /* scroll_down_button_brs@3x.png */; };
		AAB161441F330CF60036B18E /* TextCell.m in Sources */ = {isa = PBXBuildFile; fileRef = 75EA42A31F172AED00EBB1DC /* TextCell.m */; };
		AAB161451F330CF60036B18E /* ButtonCell.m in Sources */ = {isa = PBXBuildFile; fileRef = 75EA42B01F17409100EBB1DC /* ButtonCell.m */; };
		AAB161461F330CF60036B18E /* LabelCell.m in Sources */ = {isa = PBXBuildFile; fileRef = 75EA42A81F172B3C00EBB1DC /* LabelCell.m */; };
		AAB161471F330CF60036B18E /* ChatViewController.m in Sources */ = {isa = PBXBuildFile; fileRef = 8047105B1CFD94120088FB8E /* ChatViewController.m */; };
		AAB161481F330CF60036B18E /* SelectViewController.m in Sources */ = {isa = PBXBuildFile; fileRef = 75EA42B71F1752E600EBB1DC /* SelectViewController.m */; };
		AAB161491F330CF60036B18E /* main.m in Sources */ = {isa = PBXBuildFile; fileRef = 804710551CFD94120088FB8E /* main.m */; };
		AAB1614A1F330CF60036B18E /* AboutViewController.m in Sources */ = {isa = PBXBuildFile; fileRef = 8055A8A81EA5FFF600F53220 /* AboutViewController.m */; };
		AAB1614B1F330CF60036B18E /* CellTypeHelper.m in Sources */ = {isa = PBXBuildFile; fileRef = 75EA42AC1F172FDB00EBB1DC /* CellTypeHelper.m */; };
		AAB1614C1F330CF60036B18E /* AppDelegate.m in Sources */ = {isa = PBXBuildFile; fileRef = 80B078381D7D73CC00A358CD /* AppDelegate.m */; };
		AAB1614D1F330CF60036B18E /* SwitchCell.m in Sources */ = {isa = PBXBuildFile; fileRef = 75EA42BB1F176F5E00EBB1DC /* SwitchCell.m */; };
		AAB1614E1F330CF60036B18E /* DrawerViewController.m in Sources */ = {isa = PBXBuildFile; fileRef = 80664BB81ED7D37700AB06DA /* DrawerViewController.m */; };
		AAB1614F1F330CF60036B18E /* SelectCell.m in Sources */ = {isa = PBXBuildFile; fileRef = 75EA42B41F174F9E00EBB1DC /* SelectCell.m */; };
		AAB1615C1F330CF60036B18E /* Localizable.strings in Resources */ = {isa = PBXBuildFile; fileRef = 80DC61651D6BE7B800915869 /* Localizable.strings */; };
		AAB1615D1F330CF60036B18E /* LaunchScreen.storyboard in Resources */ = {isa = PBXBuildFile; fileRef = 80DC61531D6BE62500915869 /* LaunchScreen.storyboard */; };
		AAB1615E1F330CF60036B18E /* placeholder_image@2x.png in Resources */ = {isa = PBXBuildFile; fileRef = 8065E88B1E8E5D66005301A6 /* placeholder_image@2x.png */; };
		AAB1615F1F330CF60036B18E /* lato-regular.ttf in Resources */ = {isa = PBXBuildFile; fileRef = 8098E2CD1E813D2E00B3C696 /* lato-regular.ttf */; };
		AAB161601F330CF60036B18E /* lato-light.ttf in Resources */ = {isa = PBXBuildFile; fileRef = 8098E2C91E813D2E00B3C696 /* lato-light.ttf */; };
		AAB161611F330CF60036B18E /* ic_checkmark@2x.png in Resources */ = {isa = PBXBuildFile; fileRef = 806883491E827FB5008C40EC /* ic_checkmark@2x.png */; };
		AAB161621F330CF60036B18E /* Assets.xcassets in Resources */ = {isa = PBXBuildFile; fileRef = 804710601CFD94130088FB8E /* Assets.xcassets */; };
		AAB161631F330CF60036B18E /* rect_bubble_filled@3x.png in Resources */ = {isa = PBXBuildFile; fileRef = 80FFB11B1E83BB7400C03798 /* rect_bubble_filled@3x.png */; };
		AAB161641F330CF60036B18E /* logo1055@3x.png in Resources */ = {isa = PBXBuildFile; fileRef = 807EE0B71D17F1700018A449 /* logo1055@3x.png */; };
		AAB161651F330CF60036B18E /* schedule_alert@2x.png in Resources */ = {isa = PBXBuildFile; fileRef = 807162C01EA46166003DC8E7 /* schedule_alert@2x.png */; };
		AAB161661F330CF60036B18E /* schedule_alert@3x.png in Resources */ = {isa = PBXBuildFile; fileRef = 807162C11EA46166003DC8E7 /* schedule_alert@3x.png */; };
		AAB161671F330CF60036B18E /* rect_bubble_stroked@3x.png in Resources */ = {isa = PBXBuildFile; fileRef = 80F5F4711E88EA9E009BEB99 /* rect_bubble_stroked@3x.png */; };
		AAB161681F330CF60036B18E /* ic_clear_search@2x.png in Resources */ = {isa = PBXBuildFile; fileRef = 8068833D1E826A88008C40EC /* ic_clear_search@2x.png */; };
		AAB161691F330CF60036B18E /* rect_bubble_stroked@2x.png in Resources */ = {isa = PBXBuildFile; fileRef = 80F5F4721E88EA9E009BEB99 /* rect_bubble_stroked@2x.png */; };
		AAB1616A1F330CF60036B18E /* lato-semibold.ttf in Resources */ = {isa = PBXBuildFile; fileRef = 8098E2CE1E813D2E00B3C696 /* lato-semibold.ttf */; };
		AAB1616B1F330CF60036B18E /* placeholder_image.png in Resources */ = {isa = PBXBuildFile; fileRef = 8065E88A1E8E5D66005301A6 /* placeholder_image.png */; };
		AAB1616C1F330CF60036B18E /* ic_clear_search@3x.png in Resources */ = {isa = PBXBuildFile; fileRef = 8068833E1E826A88008C40EC /* ic_clear_search@3x.png */; };
		AAB1616D1F330CF60036B18E /* ic_checkmark.png in Resources */ = {isa = PBXBuildFile; fileRef = 806883481E827FB5008C40EC /* ic_checkmark.png */; };
		AAB1616E1F330CF60036B18E /* rect_bubble_stroked.png in Resources */ = {isa = PBXBuildFile; fileRef = 80F5F4731E88EA9E009BEB99 /* rect_bubble_stroked.png */; };
		AAB1616F1F330CF60036B18E /* rect_bubble_filled@2x.png in Resources */ = {isa = PBXBuildFile; fileRef = 80FFB11C1E83BB7400C03798 /* rect_bubble_filled@2x.png */; };
		AAB161701F330CF60036B18E /* schedule_alert.png in Resources */ = {isa = PBXBuildFile; fileRef = 807162BF1EA46166003DC8E7 /* schedule_alert.png */; };
		AAB161711F330CF60036B18E /* Main.storyboard in Resources */ = {isa = PBXBuildFile; fileRef = 80DC61551D6BE62500915869 /* Main.storyboard */; };
		AAB161721F330CF60036B18E /* ic_clear_search.png in Resources */ = {isa = PBXBuildFile; fileRef = 8068833C1E826A88008C40EC /* ic_clear_search.png */; };
		AAB161731F330CF60036B18E /* ic_checkmark@3x.png in Resources */ = {isa = PBXBuildFile; fileRef = 8068834A1E827FB5008C40EC /* ic_checkmark@3x.png */; };
		AAB161741F330CF60036B18E /* lato-medium.ttf in Resources */ = {isa = PBXBuildFile; fileRef = 8098E2CB1E813D2E00B3C696 /* lato-medium.ttf */; };
		AAB161751F330CF60036B18E /* rect_bubble_filled.png in Resources */ = {isa = PBXBuildFile; fileRef = 80FFB11D1E83BB7400C03798 /* rect_bubble_filled.png */; };
		AAB161761F330CF60036B18E /* placeholder_image@3x.png in Resources */ = {isa = PBXBuildFile; fileRef = 8065E88C1E8E5D66005301A6 /* placeholder_image@3x.png */; };
		AAB161881F330D110036B18E /* ThreadsApp-Sample.plist in Resources */ = {isa = PBXBuildFile; fileRef = AAB161871F330D110036B18E /* ThreadsApp-Sample.plist */; };
		AAB39E67225DDB3E00AC4887 /* ServerAPI.m in Sources */ = {isa = PBXBuildFile; fileRef = AAB39E63225DDB3E00AC4887 /* ServerAPI.m */; };
		AAB39E68225DDB3E00AC4887 /* ConfigHelper.m in Sources */ = {isa = PBXBuildFile; fileRef = AAB39E66225DDB3E00AC4887 /* ConfigHelper.m */; };
		AAB39E6D225DDBBC00AC4887 /* NSDictionary+SQExtended.m in Sources */ = {isa = PBXBuildFile; fileRef = AAB39E69225DDBBB00AC4887 /* NSDictionary+SQExtended.m */; };
		AAB39E6E225DDBBC00AC4887 /* PlistUtils.m in Sources */ = {isa = PBXBuildFile; fileRef = AAB39E6A225DDBBB00AC4887 /* PlistUtils.m */; };
		AAC55BB320D38EC200AC71BD /* ChatFragmentViewController.m in Sources */ = {isa = PBXBuildFile; fileRef = AAC55BB220D38EC200AC71BD /* ChatFragmentViewController.m */; };
		AADDF7CF1FA3440D00716CAD /* ClientCell.m in Sources */ = {isa = PBXBuildFile; fileRef = AADDF7CE1FA3440D00716CAD /* ClientCell.m */; };
		AADDF7D61FA348AE00716CAD /* Client.m in Sources */ = {isa = PBXBuildFile; fileRef = AADDF7D51FA348AE00716CAD /* Client.m */; };
		AADDF7DE1FA8697300716CAD /* TAStorage.m in Sources */ = {isa = PBXBuildFile; fileRef = AADDF7DD1FA8697300716CAD /* TAStorage.m */; };
		AADEDEFA218C26E500225D6B /* MFMSPushLite.framework in Frameworks */ = {isa = PBXBuildFile; fileRef = AADEDEF9218C26E400225D6B /* MFMSPushLite.framework */; };
		AADEDEFB218C26E500225D6B /* MFMSPushLite.framework in Embed Frameworks */ = {isa = PBXBuildFile; fileRef = AADEDEF9218C26E400225D6B /* MFMSPushLite.framework */; settings = {ATTRIBUTES = (CodeSignOnCopy, RemoveHeadersOnCopy, ); }; };
		AAF763301FE3B2C2008D04DC /* DictUtils.m in Sources */ = {isa = PBXBuildFile; fileRef = AAF7632F1FE3B2C2008D04DC /* DictUtils.m */; };
/* End PBXBuildFile section */

/* Begin PBXCopyFilesBuildPhase section */
		AAB161771F330CF60036B18E /* Embed Frameworks */ = {
			isa = PBXCopyFilesBuildPhase;
			buildActionMask = 2147483647;
			dstPath = "";
			dstSubfolderSpec = 10;
			files = (
				AA54DA281F71084200B10AA8 /* Threads.framework in Embed Frameworks */,
				AADEDEFB218C26E500225D6B /* MFMSPushLite.framework in Embed Frameworks */,
			);
			name = "Embed Frameworks";
			runOnlyForDeploymentPostprocessing = 0;
		};
/* End PBXCopyFilesBuildPhase section */

/* Begin PBXFileReference section */
		1B1F74A606416031B4A13889 /* Pods_ThreadsApp.framework */ = {isa = PBXFileReference; explicitFileType = wrapper.framework; includeInIndex = 0; path = Pods_ThreadsApp.framework; sourceTree = BUILT_PRODUCTS_DIR; };
		573A39A59B36826B2FD2314D /* Pods-ThreadsApp.debug.xcconfig */ = {isa = PBXFileReference; includeInIndex = 1; lastKnownFileType = text.xcconfig; name = "Pods-ThreadsApp.debug.xcconfig"; path = "Pods/Target Support Files/Pods-ThreadsApp/Pods-ThreadsApp.debug.xcconfig"; sourceTree = "<group>"; };
		75EA429A1F162DC600EBB1DC /* Crashlytics.framework */ = {isa = PBXFileReference; lastKnownFileType = wrapper.framework; path = Crashlytics.framework; sourceTree = "<group>"; };
		75EA429B1F162DC600EBB1DC /* Fabric.framework */ = {isa = PBXFileReference; lastKnownFileType = wrapper.framework; path = Fabric.framework; sourceTree = "<group>"; };
		75EA42A21F172AED00EBB1DC /* TextCell.h */ = {isa = PBXFileReference; fileEncoding = 4; lastKnownFileType = sourcecode.c.h; path = TextCell.h; sourceTree = "<group>"; };
		75EA42A31F172AED00EBB1DC /* TextCell.m */ = {isa = PBXFileReference; fileEncoding = 4; lastKnownFileType = sourcecode.c.objc; path = TextCell.m; sourceTree = "<group>"; };
		75EA42A71F172B3C00EBB1DC /* LabelCell.h */ = {isa = PBXFileReference; fileEncoding = 4; lastKnownFileType = sourcecode.c.h; path = LabelCell.h; sourceTree = "<group>"; };
		75EA42A81F172B3C00EBB1DC /* LabelCell.m */ = {isa = PBXFileReference; fileEncoding = 4; lastKnownFileType = sourcecode.c.objc; path = LabelCell.m; sourceTree = "<group>"; };
		75EA42AB1F172FDB00EBB1DC /* CellTypeHelper.h */ = {isa = PBXFileReference; fileEncoding = 4; lastKnownFileType = sourcecode.c.h; path = CellTypeHelper.h; sourceTree = "<group>"; };
		75EA42AC1F172FDB00EBB1DC /* CellTypeHelper.m */ = {isa = PBXFileReference; fileEncoding = 4; lastKnownFileType = sourcecode.c.objc; path = CellTypeHelper.m; sourceTree = "<group>"; };
		75EA42AF1F17409100EBB1DC /* ButtonCell.h */ = {isa = PBXFileReference; fileEncoding = 4; lastKnownFileType = sourcecode.c.h; path = ButtonCell.h; sourceTree = "<group>"; };
		75EA42B01F17409100EBB1DC /* ButtonCell.m */ = {isa = PBXFileReference; fileEncoding = 4; lastKnownFileType = sourcecode.c.objc; path = ButtonCell.m; sourceTree = "<group>"; };
		75EA42B31F174F9E00EBB1DC /* SelectCell.h */ = {isa = PBXFileReference; fileEncoding = 4; lastKnownFileType = sourcecode.c.h; path = SelectCell.h; sourceTree = "<group>"; };
		75EA42B41F174F9E00EBB1DC /* SelectCell.m */ = {isa = PBXFileReference; fileEncoding = 4; lastKnownFileType = sourcecode.c.objc; path = SelectCell.m; sourceTree = "<group>"; };
		75EA42B61F1752E600EBB1DC /* SelectViewController.h */ = {isa = PBXFileReference; fileEncoding = 4; lastKnownFileType = sourcecode.c.h; path = SelectViewController.h; sourceTree = "<group>"; };
		75EA42B71F1752E600EBB1DC /* SelectViewController.m */ = {isa = PBXFileReference; fileEncoding = 4; lastKnownFileType = sourcecode.c.objc; path = SelectViewController.m; sourceTree = "<group>"; };
		75EA42BA1F176F5E00EBB1DC /* SwitchCell.h */ = {isa = PBXFileReference; fileEncoding = 4; lastKnownFileType = sourcecode.c.h; path = SwitchCell.h; sourceTree = "<group>"; };
		75EA42BB1F176F5E00EBB1DC /* SwitchCell.m */ = {isa = PBXFileReference; fileEncoding = 4; lastKnownFileType = sourcecode.c.objc; path = SwitchCell.m; sourceTree = "<group>"; };
		803B76221EC5BD6D0007B2C0 /* PushServerAPI.framework */ = {isa = PBXFileReference; lastKnownFileType = wrapper.framework; path = PushServerAPI.framework; sourceTree = "<group>"; };
		804710551CFD94120088FB8E /* main.m */ = {isa = PBXFileReference; lastKnownFileType = sourcecode.c.objc; path = main.m; sourceTree = "<group>"; };
		8047105A1CFD94120088FB8E /* ChatViewController.h */ = {isa = PBXFileReference; lastKnownFileType = sourcecode.c.h; path = ChatViewController.h; sourceTree = "<group>"; };
		8047105B1CFD94120088FB8E /* ChatViewController.m */ = {isa = PBXFileReference; lastKnownFileType = sourcecode.c.objc; path = ChatViewController.m; sourceTree = "<group>"; };
		804710601CFD94130088FB8E /* Assets.xcassets */ = {isa = PBXFileReference; lastKnownFileType = folder.assetcatalog; path = Assets.xcassets; sourceTree = "<group>"; };
		8055A8A71EA5FFF600F53220 /* AboutViewController.h */ = {isa = PBXFileReference; fileEncoding = 4; lastKnownFileType = sourcecode.c.h; path = AboutViewController.h; sourceTree = "<group>"; };
		8055A8A81EA5FFF600F53220 /* AboutViewController.m */ = {isa = PBXFileReference; fileEncoding = 4; lastKnownFileType = sourcecode.c.objc; path = AboutViewController.m; sourceTree = "<group>"; };
		8065E88A1E8E5D66005301A6 /* placeholder_image.png */ = {isa = PBXFileReference; lastKnownFileType = image.png; path = placeholder_image.png; sourceTree = "<group>"; };
		8065E88B1E8E5D66005301A6 /* placeholder_image@2x.png */ = {isa = PBXFileReference; lastKnownFileType = image.png; path = "placeholder_image@2x.png"; sourceTree = "<group>"; };
		8065E88C1E8E5D66005301A6 /* placeholder_image@3x.png */ = {isa = PBXFileReference; lastKnownFileType = image.png; path = "placeholder_image@3x.png"; sourceTree = "<group>"; };
		80664BB71ED7D37700AB06DA /* DrawerViewController.h */ = {isa = PBXFileReference; fileEncoding = 4; lastKnownFileType = sourcecode.c.h; path = DrawerViewController.h; sourceTree = "<group>"; };
		80664BB81ED7D37700AB06DA /* DrawerViewController.m */ = {isa = PBXFileReference; fileEncoding = 4; lastKnownFileType = sourcecode.c.objc; path = DrawerViewController.m; sourceTree = "<group>"; };
		8068833C1E826A88008C40EC /* ic_clear_search.png */ = {isa = PBXFileReference; lastKnownFileType = image.png; path = ic_clear_search.png; sourceTree = "<group>"; };
		8068833D1E826A88008C40EC /* ic_clear_search@2x.png */ = {isa = PBXFileReference; lastKnownFileType = image.png; path = "ic_clear_search@2x.png"; sourceTree = "<group>"; };
		8068833E1E826A88008C40EC /* ic_clear_search@3x.png */ = {isa = PBXFileReference; lastKnownFileType = image.png; path = "ic_clear_search@3x.png"; sourceTree = "<group>"; };
		806883481E827FB5008C40EC /* ic_checkmark.png */ = {isa = PBXFileReference; lastKnownFileType = image.png; path = ic_checkmark.png; sourceTree = "<group>"; };
		806883491E827FB5008C40EC /* ic_checkmark@2x.png */ = {isa = PBXFileReference; lastKnownFileType = image.png; path = "ic_checkmark@2x.png"; sourceTree = "<group>"; };
		8068834A1E827FB5008C40EC /* ic_checkmark@3x.png */ = {isa = PBXFileReference; lastKnownFileType = image.png; path = "ic_checkmark@3x.png"; sourceTree = "<group>"; };
		807162BF1EA46166003DC8E7 /* schedule_alert.png */ = {isa = PBXFileReference; lastKnownFileType = image.png; path = schedule_alert.png; sourceTree = "<group>"; };
		807162C01EA46166003DC8E7 /* schedule_alert@2x.png */ = {isa = PBXFileReference; lastKnownFileType = image.png; path = "schedule_alert@2x.png"; sourceTree = "<group>"; };
		807162C11EA46166003DC8E7 /* schedule_alert@3x.png */ = {isa = PBXFileReference; lastKnownFileType = image.png; path = "schedule_alert@3x.png"; sourceTree = "<group>"; };
		807EE0B71D17F1700018A449 /* logo1055@3x.png */ = {isa = PBXFileReference; lastKnownFileType = image.png; path = "logo1055@3x.png"; sourceTree = "<group>"; };
		8098E2C91E813D2E00B3C696 /* lato-light.ttf */ = {isa = PBXFileReference; lastKnownFileType = file; path = "lato-light.ttf"; sourceTree = "<group>"; };
		8098E2CB1E813D2E00B3C696 /* lato-medium.ttf */ = {isa = PBXFileReference; lastKnownFileType = file; path = "lato-medium.ttf"; sourceTree = "<group>"; };
		8098E2CD1E813D2E00B3C696 /* lato-regular.ttf */ = {isa = PBXFileReference; lastKnownFileType = file; path = "lato-regular.ttf"; sourceTree = "<group>"; };
		8098E2CE1E813D2E00B3C696 /* lato-semibold.ttf */ = {isa = PBXFileReference; lastKnownFileType = file; path = "lato-semibold.ttf"; sourceTree = "<group>"; };
		80B078371D7D73CC00A358CD /* AppDelegate.h */ = {isa = PBXFileReference; fileEncoding = 4; lastKnownFileType = sourcecode.c.h; path = AppDelegate.h; sourceTree = "<group>"; };
		80B078381D7D73CC00A358CD /* AppDelegate.m */ = {isa = PBXFileReference; fileEncoding = 4; lastKnownFileType = sourcecode.c.objc; path = AppDelegate.m; sourceTree = "<group>"; };
		80D587041D0D3386007E2AC8 /* Threads.framework */ = {isa = PBXFileReference; lastKnownFileType = wrapper.framework; path = Threads.framework; sourceTree = "<group>"; };
		80DC61541D6BE62500915869 /* Base */ = {isa = PBXFileReference; lastKnownFileType = file.storyboard; name = Base; path = Base.lproj/LaunchScreen.storyboard; sourceTree = "<group>"; };
		80DC61561D6BE62500915869 /* Base */ = {isa = PBXFileReference; lastKnownFileType = file.storyboard; name = Base; path = Base.lproj/Main.storyboard; sourceTree = "<group>"; };
		80DC61641D6BE7B800915869 /* Base */ = {isa = PBXFileReference; lastKnownFileType = text.plist.strings; name = Base; path = Base.lproj/Localizable.strings; sourceTree = "<group>"; };
		80DC61661D6BE7BA00915869 /* ru */ = {isa = PBXFileReference; lastKnownFileType = text.plist.strings; name = ru; path = ru.lproj/Localizable.strings; sourceTree = "<group>"; };
		80E03FD81DA2644600B8E7E1 /* ThreadsApp.entitlements */ = {isa = PBXFileReference; lastKnownFileType = text.plist.entitlements; path = ThreadsApp.entitlements; sourceTree = "<group>"; };
		80F5F4711E88EA9E009BEB99 /* rect_bubble_stroked@3x.png */ = {isa = PBXFileReference; lastKnownFileType = image.png; path = "rect_bubble_stroked@3x.png"; sourceTree = "<group>"; };
		80F5F4721E88EA9E009BEB99 /* rect_bubble_stroked@2x.png */ = {isa = PBXFileReference; lastKnownFileType = image.png; path = "rect_bubble_stroked@2x.png"; sourceTree = "<group>"; };
		80F5F4731E88EA9E009BEB99 /* rect_bubble_stroked.png */ = {isa = PBXFileReference; lastKnownFileType = image.png; path = rect_bubble_stroked.png; sourceTree = "<group>"; };
		80FFB11B1E83BB7400C03798 /* rect_bubble_filled@3x.png */ = {isa = PBXFileReference; lastKnownFileType = image.png; path = "rect_bubble_filled@3x.png"; sourceTree = "<group>"; };
		80FFB11C1E83BB7400C03798 /* rect_bubble_filled@2x.png */ = {isa = PBXFileReference; lastKnownFileType = image.png; path = "rect_bubble_filled@2x.png"; sourceTree = "<group>"; };
		80FFB11D1E83BB7400C03798 /* rect_bubble_filled.png */ = {isa = PBXFileReference; lastKnownFileType = image.png; path = rect_bubble_filled.png; sourceTree = "<group>"; };
		95B5BD7D3E65C44F5D9E3BC8 /* Pods-ThreadsApp.release.xcconfig */ = {isa = PBXFileReference; includeInIndex = 1; lastKnownFileType = text.xcconfig; name = "Pods-ThreadsApp.release.xcconfig"; path = "Pods/Target Support Files/Pods-ThreadsApp/Pods-ThreadsApp.release.xcconfig"; sourceTree = "<group>"; };
		AA289749214A383000B196BF /* ChatInStackController.h */ = {isa = PBXFileReference; fileEncoding = 4; lastKnownFileType = sourcecode.c.h; path = ChatInStackController.h; sourceTree = "<group>"; };
		AA28974A214A383100B196BF /* ChatInStackController.m */ = {isa = PBXFileReference; fileEncoding = 4; lastKnownFileType = sourcecode.c.objc; path = ChatInStackController.m; sourceTree = "<group>"; };
		AA7EA81C1F3B484700D2F60A /* libPods-Threads.a */ = {isa = PBXFileReference; lastKnownFileType = archive.ar; name = "libPods-Threads.a"; path = "../../../../Library/Developer/Xcode/DerivedData/Threads-gftmplayupomsadcvnyrhhfjtplr/Build/Products/Debug-iphoneos/libPods-Threads.a"; sourceTree = "<group>"; };
		AA8827EB20E6599500241516 /* ic_dislike_stroked@2x.png */ = {isa = PBXFileReference; lastKnownFileType = image.png; path = "ic_dislike_stroked@2x.png"; sourceTree = "<group>"; };
		AA8827EC20E6599600241516 /* ic_dislike_stroked@3x.png */ = {isa = PBXFileReference; lastKnownFileType = image.png; path = "ic_dislike_stroked@3x.png"; sourceTree = "<group>"; };
		AA8827ED20E6599600241516 /* ic_dislike_filled@2x.png */ = {isa = PBXFileReference; lastKnownFileType = image.png; path = "ic_dislike_filled@2x.png"; sourceTree = "<group>"; };
		AA8827EE20E6599600241516 /* ic_dislike_filled@3x.png */ = {isa = PBXFileReference; lastKnownFileType = image.png; path = "ic_dislike_filled@3x.png"; sourceTree = "<group>"; };
		AA8827F320E659A800241516 /* ic_like_stroked@3x.png */ = {isa = PBXFileReference; lastKnownFileType = image.png; path = "ic_like_stroked@3x.png"; sourceTree = "<group>"; };
		AA8827F420E659A800241516 /* ic_like_filled@2x.png */ = {isa = PBXFileReference; lastKnownFileType = image.png; path = "ic_like_filled@2x.png"; sourceTree = "<group>"; };
		AA8827F520E659A800241516 /* ic_heart_filled@3x.png */ = {isa = PBXFileReference; lastKnownFileType = image.png; path = "ic_heart_filled@3x.png"; sourceTree = "<group>"; };
		AA8827F620E659A800241516 /* ic_heart_stroked@3x.png */ = {isa = PBXFileReference; lastKnownFileType = image.png; path = "ic_heart_stroked@3x.png"; sourceTree = "<group>"; };
		AA8827F720E659A800241516 /* ic_like_stroked@2x.png */ = {isa = PBXFileReference; lastKnownFileType = image.png; path = "ic_like_stroked@2x.png"; sourceTree = "<group>"; };
		AA8827F820E659A800241516 /* ic_heart_stroked@2x.png */ = {isa = PBXFileReference; lastKnownFileType = image.png; path = "ic_heart_stroked@2x.png"; sourceTree = "<group>"; };
		AA8827F920E659A800241516 /* ic_heart_filled@2x.png */ = {isa = PBXFileReference; lastKnownFileType = image.png; path = "ic_heart_filled@2x.png"; sourceTree = "<group>"; };
		AA8827FA20E659A800241516 /* ic_like_filled@3x.png */ = {isa = PBXFileReference; lastKnownFileType = image.png; path = "ic_like_filled@3x.png"; sourceTree = "<group>"; };
		AA9028451F73AE2D0094F99D /* scroll_down_button_brs@2x.png */ = {isa = PBXFileReference; lastKnownFileType = image.png; path = "scroll_down_button_brs@2x.png"; sourceTree = "<group>"; };
		AA9028461F73AE2D0094F99D /* scroll_down_button_brs@3x.png */ = {isa = PBXFileReference; lastKnownFileType = image.png; path = "scroll_down_button_brs@3x.png"; sourceTree = "<group>"; };
		AAB161851F330CF60036B18E /* ThreadsApp.app */ = {isa = PBXFileReference; explicitFileType = wrapper.application; includeInIndex = 0; path = ThreadsApp.app; sourceTree = BUILT_PRODUCTS_DIR; };
		AAB161871F330D110036B18E /* ThreadsApp-Sample.plist */ = {isa = PBXFileReference; fileEncoding = 4; lastKnownFileType = text.plist.xml; path = "ThreadsApp-Sample.plist"; sourceTree = "<group>"; };
		AAB39E62225DDB3E00AC4887 /* ServerAPI.h */ = {isa = PBXFileReference; fileEncoding = 4; lastKnownFileType = sourcecode.c.h; path = ServerAPI.h; sourceTree = "<group>"; };
		AAB39E63225DDB3E00AC4887 /* ServerAPI.m */ = {isa = PBXFileReference; fileEncoding = 4; lastKnownFileType = sourcecode.c.objc; path = ServerAPI.m; sourceTree = "<group>"; };
		AAB39E65225DDB3E00AC4887 /* ConfigHelper.h */ = {isa = PBXFileReference; fileEncoding = 4; lastKnownFileType = sourcecode.c.h; path = ConfigHelper.h; sourceTree = "<group>"; };
		AAB39E66225DDB3E00AC4887 /* ConfigHelper.m */ = {isa = PBXFileReference; fileEncoding = 4; lastKnownFileType = sourcecode.c.objc; path = ConfigHelper.m; sourceTree = "<group>"; };
		AAB39E69225DDBBB00AC4887 /* NSDictionary+SQExtended.m */ = {isa = PBXFileReference; fileEncoding = 4; lastKnownFileType = sourcecode.c.objc; path = "NSDictionary+SQExtended.m"; sourceTree = "<group>"; };
		AAB39E6A225DDBBB00AC4887 /* PlistUtils.m */ = {isa = PBXFileReference; fileEncoding = 4; lastKnownFileType = sourcecode.c.objc; path = PlistUtils.m; sourceTree = "<group>"; };
		AAB39E6B225DDBBB00AC4887 /* PlistUtils.h */ = {isa = PBXFileReference; fileEncoding = 4; lastKnownFileType = sourcecode.c.h; path = PlistUtils.h; sourceTree = "<group>"; };
		AAB39E6C225DDBBC00AC4887 /* NSDictionary+SQExtended.h */ = {isa = PBXFileReference; fileEncoding = 4; lastKnownFileType = sourcecode.c.h; path = "NSDictionary+SQExtended.h"; sourceTree = "<group>"; };
		AAC55BB120D38EC200AC71BD /* ChatFragmentViewController.h */ = {isa = PBXFileReference; fileEncoding = 4; lastKnownFileType = sourcecode.c.h; path = ChatFragmentViewController.h; sourceTree = "<group>"; };
		AAC55BB220D38EC200AC71BD /* ChatFragmentViewController.m */ = {isa = PBXFileReference; fileEncoding = 4; lastKnownFileType = sourcecode.c.objc; path = ChatFragmentViewController.m; sourceTree = "<group>"; };
		AADDF7CD1FA3440D00716CAD /* ClientCell.h */ = {isa = PBXFileReference; lastKnownFileType = sourcecode.c.h; path = ClientCell.h; sourceTree = "<group>"; };
		AADDF7CE1FA3440D00716CAD /* ClientCell.m */ = {isa = PBXFileReference; lastKnownFileType = sourcecode.c.objc; path = ClientCell.m; sourceTree = "<group>"; };
		AADDF7D41FA348AE00716CAD /* Client.h */ = {isa = PBXFileReference; lastKnownFileType = sourcecode.c.h; path = Client.h; sourceTree = "<group>"; };
		AADDF7D51FA348AE00716CAD /* Client.m */ = {isa = PBXFileReference; lastKnownFileType = sourcecode.c.objc; path = Client.m; sourceTree = "<group>"; };
		AADDF7DC1FA8697300716CAD /* TAStorage.h */ = {isa = PBXFileReference; lastKnownFileType = sourcecode.c.h; path = TAStorage.h; sourceTree = "<group>"; };
		AADDF7DD1FA8697300716CAD /* TAStorage.m */ = {isa = PBXFileReference; lastKnownFileType = sourcecode.c.objc; path = TAStorage.m; sourceTree = "<group>"; };
		AADEDEF8218C25C500225D6B /* ThreadsApp-Bridging-Header.h */ = {isa = PBXFileReference; fileEncoding = 4; lastKnownFileType = sourcecode.c.h; path = "ThreadsApp-Bridging-Header.h"; sourceTree = "<group>"; };
		AADEDEF9218C26E400225D6B /* MFMSPushLite.framework */ = {isa = PBXFileReference; lastKnownFileType = wrapper.framework; path = MFMSPushLite.framework; sourceTree = "<group>"; };
		AAF7632E1FE3B2C2008D04DC /* DictUtils.h */ = {isa = PBXFileReference; lastKnownFileType = sourcecode.c.h; path = DictUtils.h; sourceTree = "<group>"; };
		AAF7632F1FE3B2C2008D04DC /* DictUtils.m */ = {isa = PBXFileReference; lastKnownFileType = sourcecode.c.objc; path = DictUtils.m; sourceTree = "<group>"; };
/* End PBXFileReference section */

/* Begin PBXFrameworksBuildPhase section */
		AAB161501F330CF60036B18E /* Frameworks */ = {
			isa = PBXFrameworksBuildPhase;
			buildActionMask = 2147483647;
			files = (
				AADEDEFA218C26E500225D6B /* MFMSPushLite.framework in Frameworks */,
				AA54DA271F71084200B10AA8 /* Threads.framework in Frameworks */,
				6F9D9A687D50D94F2D6DE90E /* Pods_ThreadsApp.framework in Frameworks */,
			);
			runOnlyForDeploymentPostprocessing = 0;
		};
/* End PBXFrameworksBuildPhase section */

/* Begin PBXGroup section */
		75EA429E1F17231F00EBB1DC /* Chat */ = {
			isa = PBXGroup;
			children = (
				75EA42A11F172AD100EBB1DC /* Cells */,
				AAC55BB120D38EC200AC71BD /* ChatFragmentViewController.h */,
				AAC55BB220D38EC200AC71BD /* ChatFragmentViewController.m */,
				AA289749214A383000B196BF /* ChatInStackController.h */,
				AA28974A214A383100B196BF /* ChatInStackController.m */,
				8047105A1CFD94120088FB8E /* ChatViewController.h */,
				8047105B1CFD94120088FB8E /* ChatViewController.m */,
				AADDF7D41FA348AE00716CAD /* Client.h */,
				AADDF7D51FA348AE00716CAD /* Client.m */,
			);
			path = Chat;
			sourceTree = "<group>";
		};
		75EA429F1F17232800EBB1DC /* About */ = {
			isa = PBXGroup;
			children = (
				8055A8A71EA5FFF600F53220 /* AboutViewController.h */,
				8055A8A81EA5FFF600F53220 /* AboutViewController.m */,
			);
			path = About;
			sourceTree = "<group>";
		};
		75EA42A01F17232E00EBB1DC /* Drawer */ = {
			isa = PBXGroup;
			children = (
				80664BB71ED7D37700AB06DA /* DrawerViewController.h */,
				80664BB81ED7D37700AB06DA /* DrawerViewController.m */,
			);
			path = Drawer;
			sourceTree = "<group>";
		};
		75EA42A11F172AD100EBB1DC /* Cells */ = {
			isa = PBXGroup;
			children = (
				75EA42AE1F17408500EBB1DC /* Button */,
				75EA42A61F172B1C00EBB1DC /* Label */,
				75EA42B21F174F6600EBB1DC /* Select */,
				75EA42B91F176F4200EBB1DC /* Switch */,
				75EA42A51F172B1500EBB1DC /* Text */,
				75EA42AB1F172FDB00EBB1DC /* CellTypeHelper.h */,
				75EA42AC1F172FDB00EBB1DC /* CellTypeHelper.m */,
				AADDF7CD1FA3440D00716CAD /* ClientCell.h */,
				AADDF7CE1FA3440D00716CAD /* ClientCell.m */,
			);
			path = Cells;
			sourceTree = "<group>";
		};
		75EA42A51F172B1500EBB1DC /* Text */ = {
			isa = PBXGroup;
			children = (
				75EA42A21F172AED00EBB1DC /* TextCell.h */,
				75EA42A31F172AED00EBB1DC /* TextCell.m */,
			);
			path = Text;
			sourceTree = "<group>";
		};
		75EA42A61F172B1C00EBB1DC /* Label */ = {
			isa = PBXGroup;
			children = (
				75EA42A71F172B3C00EBB1DC /* LabelCell.h */,
				75EA42A81F172B3C00EBB1DC /* LabelCell.m */,
			);
			path = Label;
			sourceTree = "<group>";
		};
		75EA42AE1F17408500EBB1DC /* Button */ = {
			isa = PBXGroup;
			children = (
				75EA42AF1F17409100EBB1DC /* ButtonCell.h */,
				75EA42B01F17409100EBB1DC /* ButtonCell.m */,
			);
			path = Button;
			sourceTree = "<group>";
		};
		75EA42B21F174F6600EBB1DC /* Select */ = {
			isa = PBXGroup;
			children = (
				75EA42B31F174F9E00EBB1DC /* SelectCell.h */,
				75EA42B41F174F9E00EBB1DC /* SelectCell.m */,
				75EA42B61F1752E600EBB1DC /* SelectViewController.h */,
				75EA42B71F1752E600EBB1DC /* SelectViewController.m */,
			);
			path = Select;
			sourceTree = "<group>";
		};
		75EA42B91F176F4200EBB1DC /* Switch */ = {
			isa = PBXGroup;
			children = (
				75EA42BA1F176F5E00EBB1DC /* SwitchCell.h */,
				75EA42BB1F176F5E00EBB1DC /* SwitchCell.m */,
			);
			path = Switch;
			sourceTree = "<group>";
		};
		804710481CFD94120088FB8E = {
			isa = PBXGroup;
			children = (
				8047106B1CFD94310088FB8E /* Frameworks */,
				804710521CFD94120088FB8E /* Products */,
				804710531CFD94120088FB8E /* ThreadsApp */,
				BF363B985DC10AFA9AC90825 /* Pods */,
			);
			sourceTree = "<group>";
		};
		804710521CFD94120088FB8E /* Products */ = {
			isa = PBXGroup;
			children = (
				AAB161851F330CF60036B18E /* ThreadsApp.app */,
			);
			name = Products;
			sourceTree = "<group>";
		};
		804710531CFD94120088FB8E /* ThreadsApp */ = {
			isa = PBXGroup;
			children = (
				80E03FD81DA2644600B8E7E1 /* ThreadsApp.entitlements */,
				8047106C1CFD94680088FB8E /* Application */,
				AAB39E64225DDB3E00AC4887 /* Helpers */,
				AAB39E61225DDB3E00AC4887 /* Network */,
				8047106E1CFD94AE0088FB8E /* Resources */,
				804710541CFD94120088FB8E /* Supporting Files */,
				AADDF7DB1FA8691D00716CAD /* Utils */,
				8047106D1CFD947B0088FB8E /* View */,
			);
			path = ThreadsApp;
			sourceTree = "<group>";
		};
		804710541CFD94120088FB8E /* Supporting Files */ = {
			isa = PBXGroup;
			children = (
				AADEDEF8218C25C500225D6B /* ThreadsApp-Bridging-Header.h */,
				AAB161871F330D110036B18E /* ThreadsApp-Sample.plist */,
				804710551CFD94120088FB8E /* main.m */,
			);
			path = "Supporting Files";
			sourceTree = "<group>";
		};
		8047106B1CFD94310088FB8E /* Frameworks */ = {
			isa = PBXGroup;
			children = (
				AADEDEF9218C26E400225D6B /* MFMSPushLite.framework */,
				AA7EA81C1F3B484700D2F60A /* libPods-Threads.a */,
				75EA429A1F162DC600EBB1DC /* Crashlytics.framework */,
				75EA429B1F162DC600EBB1DC /* Fabric.framework */,
				80D587041D0D3386007E2AC8 /* Threads.framework */,
				804710731CFD95DA0088FB8E /* PushServerAPI */,
				1B1F74A606416031B4A13889 /* Pods_ThreadsApp.framework */,
			);
			path = Frameworks;
			sourceTree = "<group>";
		};
		8047106C1CFD94680088FB8E /* Application */ = {
			isa = PBXGroup;
			children = (
				80B078371D7D73CC00A358CD /* AppDelegate.h */,
				80B078381D7D73CC00A358CD /* AppDelegate.m */,
			);
			path = Application;
			sourceTree = "<group>";
		};
		8047106D1CFD947B0088FB8E /* View */ = {
			isa = PBXGroup;
			children = (
				75EA429F1F17232800EBB1DC /* About */,
				75EA429E1F17231F00EBB1DC /* Chat */,
				75EA42A01F17232E00EBB1DC /* Drawer */,
				80DC61531D6BE62500915869 /* LaunchScreen.storyboard */,
				80DC61551D6BE62500915869 /* Main.storyboard */,
			);
			path = View;
			sourceTree = "<group>";
		};
		8047106E1CFD94AE0088FB8E /* Resources */ = {
			isa = PBXGroup;
			children = (
				8098E2BF1E813D2E00B3C696 /* fonts */,
				8068833B1E826A88008C40EC /* icons */,
				804710601CFD94130088FB8E /* Assets.xcassets */,
				80DC61651D6BE7B800915869 /* Localizable.strings */,
				807EE0B71D17F1700018A449 /* logo1055@3x.png */,
			);
			path = Resources;
			sourceTree = "<group>";
		};
		804710731CFD95DA0088FB8E /* PushServerAPI */ = {
			isa = PBXGroup;
			children = (
				803B76221EC5BD6D0007B2C0 /* PushServerAPI.framework */,
			);
			path = PushServerAPI;
			sourceTree = "<group>";
		};
		8068833B1E826A88008C40EC /* icons */ = {
			isa = PBXGroup;
			children = (
				806883481E827FB5008C40EC /* ic_checkmark.png */,
				806883491E827FB5008C40EC /* ic_checkmark@2x.png */,
				8068834A1E827FB5008C40EC /* ic_checkmark@3x.png */,
				8068833C1E826A88008C40EC /* ic_clear_search.png */,
				8068833D1E826A88008C40EC /* ic_clear_search@2x.png */,
				8068833E1E826A88008C40EC /* ic_clear_search@3x.png */,
				AA8827ED20E6599600241516 /* ic_dislike_filled@2x.png */,
				AA8827EE20E6599600241516 /* ic_dislike_filled@3x.png */,
				AA8827EB20E6599500241516 /* ic_dislike_stroked@2x.png */,
				AA8827EC20E6599600241516 /* ic_dislike_stroked@3x.png */,
				AA8827F920E659A800241516 /* ic_heart_filled@2x.png */,
				AA8827F520E659A800241516 /* ic_heart_filled@3x.png */,
				AA8827F820E659A800241516 /* ic_heart_stroked@2x.png */,
				AA8827F620E659A800241516 /* ic_heart_stroked@3x.png */,
				AA8827F420E659A800241516 /* ic_like_filled@2x.png */,
				AA8827FA20E659A800241516 /* ic_like_filled@3x.png */,
				AA8827F720E659A800241516 /* ic_like_stroked@2x.png */,
				AA8827F320E659A800241516 /* ic_like_stroked@3x.png */,
				8065E88A1E8E5D66005301A6 /* placeholder_image.png */,
				8065E88B1E8E5D66005301A6 /* placeholder_image@2x.png */,
				8065E88C1E8E5D66005301A6 /* placeholder_image@3x.png */,
				80FFB11D1E83BB7400C03798 /* rect_bubble_filled.png */,
				80FFB11C1E83BB7400C03798 /* rect_bubble_filled@2x.png */,
				80FFB11B1E83BB7400C03798 /* rect_bubble_filled@3x.png */,
				80F5F4731E88EA9E009BEB99 /* rect_bubble_stroked.png */,
				80F5F4721E88EA9E009BEB99 /* rect_bubble_stroked@2x.png */,
				80F5F4711E88EA9E009BEB99 /* rect_bubble_stroked@3x.png */,
				807162BF1EA46166003DC8E7 /* schedule_alert.png */,
				807162C01EA46166003DC8E7 /* schedule_alert@2x.png */,
				807162C11EA46166003DC8E7 /* schedule_alert@3x.png */,
				AA9028451F73AE2D0094F99D /* scroll_down_button_brs@2x.png */,
				AA9028461F73AE2D0094F99D /* scroll_down_button_brs@3x.png */,
			);
			path = icons;
			sourceTree = "<group>";
		};
		8098E2BF1E813D2E00B3C696 /* fonts */ = {
			isa = PBXGroup;
			children = (
				8098E2C91E813D2E00B3C696 /* lato-light.ttf */,
				8098E2CB1E813D2E00B3C696 /* lato-medium.ttf */,
				8098E2CD1E813D2E00B3C696 /* lato-regular.ttf */,
				8098E2CE1E813D2E00B3C696 /* lato-semibold.ttf */,
			);
			path = fonts;
			sourceTree = "<group>";
		};
		AAB39E61225DDB3E00AC4887 /* Network */ = {
			isa = PBXGroup;
			children = (
				AAB39E62225DDB3E00AC4887 /* ServerAPI.h */,
				AAB39E63225DDB3E00AC4887 /* ServerAPI.m */,
			);
			path = Network;
			sourceTree = "<group>";
		};
		AAB39E64225DDB3E00AC4887 /* Helpers */ = {
			isa = PBXGroup;
			children = (
				AAB39E65225DDB3E00AC4887 /* ConfigHelper.h */,
				AAB39E66225DDB3E00AC4887 /* ConfigHelper.m */,
			);
			path = Helpers;
			sourceTree = "<group>";
		};
		AADDF7DB1FA8691D00716CAD /* Utils */ = {
			isa = PBXGroup;
			children = (
				AADDF7DC1FA8697300716CAD /* TAStorage.h */,
				AADDF7DD1FA8697300716CAD /* TAStorage.m */,
				AAF7632E1FE3B2C2008D04DC /* DictUtils.h */,
				AAF7632F1FE3B2C2008D04DC /* DictUtils.m */,
				AAB39E6C225DDBBC00AC4887 /* NSDictionary+SQExtended.h */,
				AAB39E69225DDBBB00AC4887 /* NSDictionary+SQExtended.m */,
				AAB39E6B225DDBBB00AC4887 /* PlistUtils.h */,
				AAB39E6A225DDBBB00AC4887 /* PlistUtils.m */,
			);
			path = Utils;
			sourceTree = "<group>";
		};
		BF363B985DC10AFA9AC90825 /* Pods */ = {
			isa = PBXGroup;
			children = (
				573A39A59B36826B2FD2314D /* Pods-ThreadsApp.debug.xcconfig */,
				95B5BD7D3E65C44F5D9E3BC8 /* Pods-ThreadsApp.release.xcconfig */,
			);
			name = Pods;
			sourceTree = "<group>";
		};
/* End PBXGroup section */

/* Begin PBXNativeTarget section */
		AAB161411F330CF60036B18E /* ThreadsApp */ = {
			isa = PBXNativeTarget;
			buildConfigurationList = AAB161821F330CF60036B18E /* Build configuration list for PBXNativeTarget "ThreadsApp" */;
			buildPhases = (
				9CEF5494FBDD1F104A816265 /* [CP] Check Pods Manifest.lock */,
				AAB161431F330CF60036B18E /* Sources */,
				AAB161501F330CF60036B18E /* Frameworks */,
				AAB1615B1F330CF60036B18E /* Resources */,
				AAB161771F330CF60036B18E /* Embed Frameworks */,
				626BA991564AF5EE4FF1F875 /* [CP] Embed Pods Frameworks */,
			);
			buildRules = (
			);
			dependencies = (
			);
			name = ThreadsApp;
			productName = ThreadsApp;
			productReference = AAB161851F330CF60036B18E /* ThreadsApp.app */;
			productType = "com.apple.product-type.application";
		};
/* End PBXNativeTarget section */

/* Begin PBXProject section */
		804710491CFD94120088FB8E /* Project object */ = {
			isa = PBXProject;
			attributes = {
				LastUpgradeCheck = 0800;
				ORGANIZATIONNAME = "Brooma Service";
				TargetAttributes = {
					AAB161411F330CF60036B18E = {
						DevelopmentTeam = G6U22Z6MLM;
						LastSwiftMigration = 0900;
					};
				};
			};
			buildConfigurationList = 8047104C1CFD94120088FB8E /* Build configuration list for PBXProject "ThreadsApp" */;
			compatibilityVersion = "Xcode 3.2";
			developmentRegion = English;
			hasScannedForEncodings = 0;
			knownRegions = (
				English,
				en,
				Base,
				ru,
			);
			mainGroup = 804710481CFD94120088FB8E;
			productRefGroup = 804710521CFD94120088FB8E /* Products */;
			projectDirPath = "";
			projectRoot = "";
			targets = (
				AAB161411F330CF60036B18E /* ThreadsApp */,
			);
		};
/* End PBXProject section */

/* Begin PBXResourcesBuildPhase section */
		AAB1615B1F330CF60036B18E /* Resources */ = {
			isa = PBXResourcesBuildPhase;
			buildActionMask = 2147483647;
			files = (
				AA90284B1F73AE2D0094F99D /* scroll_down_button_brs@3x.png in Resources */,
				AA8827F220E6599600241516 /* ic_dislike_filled@3x.png in Resources */,
				AAB1615C1F330CF60036B18E /* Localizable.strings in Resources */,
				AA8827F020E6599600241516 /* ic_dislike_stroked@3x.png in Resources */,
				AA9028471F73AE2D0094F99D /* scroll_down_button_brs@2x.png in Resources */,
				AAB1615D1F330CF60036B18E /* LaunchScreen.storyboard in Resources */,
				AA88280020E659A800241516 /* ic_heart_stroked@2x.png in Resources */,
				AAB1615E1F330CF60036B18E /* placeholder_image@2x.png in Resources */,
				AAB1615F1F330CF60036B18E /* lato-regular.ttf in Resources */,
				AAB161601F330CF60036B18E /* lato-light.ttf in Resources */,
				AA88280120E659A800241516 /* ic_heart_filled@2x.png in Resources */,
				AAB161611F330CF60036B18E /* ic_checkmark@2x.png in Resources */,
				AAB161881F330D110036B18E /* ThreadsApp-Sample.plist in Resources */,
				AA8827FE20E659A800241516 /* ic_heart_stroked@3x.png in Resources */,
				AAB161621F330CF60036B18E /* Assets.xcassets in Resources */,
				AAB161631F330CF60036B18E /* rect_bubble_filled@3x.png in Resources */,
				AA8827FC20E659A800241516 /* ic_like_filled@2x.png in Resources */,
				AAB161641F330CF60036B18E /* logo1055@3x.png in Resources */,
				AAB161651F330CF60036B18E /* schedule_alert@2x.png in Resources */,
				AA8827EF20E6599600241516 /* ic_dislike_stroked@2x.png in Resources */,
				AAB161661F330CF60036B18E /* schedule_alert@3x.png in Resources */,
				AAB161671F330CF60036B18E /* rect_bubble_stroked@3x.png in Resources */,
				AAB161681F330CF60036B18E /* ic_clear_search@2x.png in Resources */,
				AA8827FF20E659A800241516 /* ic_like_stroked@2x.png in Resources */,
				AAB161691F330CF60036B18E /* rect_bubble_stroked@2x.png in Resources */,
				AAB1616A1F330CF60036B18E /* lato-semibold.ttf in Resources */,
				AAB1616B1F330CF60036B18E /* placeholder_image.png in Resources */,
				AAB1616C1F330CF60036B18E /* ic_clear_search@3x.png in Resources */,
				AA8827F120E6599600241516 /* ic_dislike_filled@2x.png in Resources */,
				AA8827FD20E659A800241516 /* ic_heart_filled@3x.png in Resources */,
				AAB1616D1F330CF60036B18E /* ic_checkmark.png in Resources */,
				AAB1616E1F330CF60036B18E /* rect_bubble_stroked.png in Resources */,
				AAB1616F1F330CF60036B18E /* rect_bubble_filled@2x.png in Resources */,
				AAB161701F330CF60036B18E /* schedule_alert.png in Resources */,
				AAB161711F330CF60036B18E /* Main.storyboard in Resources */,
				AAB161721F330CF60036B18E /* ic_clear_search.png in Resources */,
				AAB161731F330CF60036B18E /* ic_checkmark@3x.png in Resources */,
				AAB161741F330CF60036B18E /* lato-medium.ttf in Resources */,
				AAB161751F330CF60036B18E /* rect_bubble_filled.png in Resources */,
				AA8827FB20E659A800241516 /* ic_like_stroked@3x.png in Resources */,
				AA88280220E659A800241516 /* ic_like_filled@3x.png in Resources */,
				AAB161761F330CF60036B18E /* placeholder_image@3x.png in Resources */,
			);
			runOnlyForDeploymentPostprocessing = 0;
		};
/* End PBXResourcesBuildPhase section */

/* Begin PBXShellScriptBuildPhase section */
		626BA991564AF5EE4FF1F875 /* [CP] Embed Pods Frameworks */ = {
			isa = PBXShellScriptBuildPhase;
			buildActionMask = 2147483647;
			files = (
			);
			inputPaths = (
				"${SRCROOT}/Pods/Target Support Files/Pods-ThreadsApp/Pods-ThreadsApp-frameworks.sh",
				"${BUILT_PRODUCTS_DIR}/MMDrawerController/MMDrawerController.framework",
				"${BUILT_PRODUCTS_DIR}/ReactiveObjC/ReactiveObjC.framework",
				"${BUILT_PRODUCTS_DIR}/URLEmbeddedView/URLEmbeddedView.framework",
			);
			name = "[CP] Embed Pods Frameworks";
			outputPaths = (
				"${TARGET_BUILD_DIR}/${FRAMEWORKS_FOLDER_PATH}/MMDrawerController.framework",
				"${TARGET_BUILD_DIR}/${FRAMEWORKS_FOLDER_PATH}/ReactiveObjC.framework",
				"${TARGET_BUILD_DIR}/${FRAMEWORKS_FOLDER_PATH}/URLEmbeddedView.framework",
			);
			runOnlyForDeploymentPostprocessing = 0;
			shellPath = /bin/sh;
			shellScript = "\"${SRCROOT}/Pods/Target Support Files/Pods-ThreadsApp/Pods-ThreadsApp-frameworks.sh\"\n";
			showEnvVarsInLog = 0;
		};
		9CEF5494FBDD1F104A816265 /* [CP] Check Pods Manifest.lock */ = {
			isa = PBXShellScriptBuildPhase;
			buildActionMask = 2147483647;
			files = (
			);
			inputPaths = (
				"${PODS_PODFILE_DIR_PATH}/Podfile.lock",
				"${PODS_ROOT}/Manifest.lock",
			);
			name = "[CP] Check Pods Manifest.lock";
			outputPaths = (
				"$(DERIVED_FILE_DIR)/Pods-ThreadsApp-checkManifestLockResult.txt",
			);
			runOnlyForDeploymentPostprocessing = 0;
			shellPath = /bin/sh;
			shellScript = "diff \"${PODS_PODFILE_DIR_PATH}/Podfile.lock\" \"${PODS_ROOT}/Manifest.lock\" > /dev/null\nif [ $? != 0 ] ; then\n    # print error to STDERR\n    echo \"error: The sandbox is not in sync with the Podfile.lock. Run 'pod install' or update your CocoaPods installation.\" >&2\n    exit 1\nfi\n# This output is used by Xcode 'outputs' to avoid re-running this script phase.\necho \"SUCCESS\" > \"${SCRIPT_OUTPUT_FILE_0}\"\n";
			showEnvVarsInLog = 0;
		};
/* End PBXShellScriptBuildPhase section */

/* Begin PBXSourcesBuildPhase section */
		AAB161431F330CF60036B18E /* Sources */ = {
			isa = PBXSourcesBuildPhase;
			buildActionMask = 2147483647;
			files = (
				AAB161441F330CF60036B18E /* TextCell.m in Sources */,
				AAB161451F330CF60036B18E /* ButtonCell.m in Sources */,
				AADDF7CF1FA3440D00716CAD /* ClientCell.m in Sources */,
				AAB39E68225DDB3E00AC4887 /* ConfigHelper.m in Sources */,
				AAB39E6E225DDBBC00AC4887 /* PlistUtils.m in Sources */,
				AAF763301FE3B2C2008D04DC /* DictUtils.m in Sources */,
				AAB161461F330CF60036B18E /* LabelCell.m in Sources */,
				AAB161471F330CF60036B18E /* ChatViewController.m in Sources */,
				AAB161481F330CF60036B18E /* SelectViewController.m in Sources */,
				AADDF7D61FA348AE00716CAD /* Client.m in Sources */,
				AAB161491F330CF60036B18E /* main.m in Sources */,
				AAB1614A1F330CF60036B18E /* AboutViewController.m in Sources */,
				AAB1614B1F330CF60036B18E /* CellTypeHelper.m in Sources */,
				AAB1614C1F330CF60036B18E /* AppDelegate.m in Sources */,
				AAB39E67225DDB3E00AC4887 /* ServerAPI.m in Sources */,
				AADDF7DE1FA8697300716CAD /* TAStorage.m in Sources */,
				AAB1614D1F330CF60036B18E /* SwitchCell.m in Sources */,
				AAC55BB320D38EC200AC71BD /* ChatFragmentViewController.m in Sources */,
				AAB39E6D225DDBBC00AC4887 /* NSDictionary+SQExtended.m in Sources */,
				AA28974B214A383100B196BF /* ChatInStackController.m in Sources */,
				AAB1614E1F330CF60036B18E /* DrawerViewController.m in Sources */,
				AAB1614F1F330CF60036B18E /* SelectCell.m in Sources */,
			);
			runOnlyForDeploymentPostprocessing = 0;
		};
/* End PBXSourcesBuildPhase section */

/* Begin PBXVariantGroup section */
		80DC61531D6BE62500915869 /* LaunchScreen.storyboard */ = {
			isa = PBXVariantGroup;
			children = (
				80DC61541D6BE62500915869 /* Base */,
			);
			name = LaunchScreen.storyboard;
			path = .;
			sourceTree = "<group>";
		};
		80DC61551D6BE62500915869 /* Main.storyboard */ = {
			isa = PBXVariantGroup;
			children = (
				80DC61561D6BE62500915869 /* Base */,
			);
			name = Main.storyboard;
			path = .;
			sourceTree = "<group>";
		};
		80DC61651D6BE7B800915869 /* Localizable.strings */ = {
			isa = PBXVariantGroup;
			children = (
				80DC61641D6BE7B800915869 /* Base */,
				80DC61661D6BE7BA00915869 /* ru */,
			);
			name = Localizable.strings;
			path = .;
			sourceTree = "<group>";
		};
/* End PBXVariantGroup section */

/* Begin XCBuildConfiguration section */
		804710661CFD94130088FB8E /* Debug */ = {
			isa = XCBuildConfiguration;
			buildSettings = {
				ALWAYS_EMBED_SWIFT_STANDARD_LIBRARIES = YES;
				ALWAYS_SEARCH_USER_PATHS = NO;
				CLANG_ANALYZER_LOCALIZABILITY_NONLOCALIZED = YES;
				CLANG_ANALYZER_NONNULL = YES;
				CLANG_CXX_LANGUAGE_STANDARD = "gnu++0x";
				CLANG_CXX_LIBRARY = "libc++";
				CLANG_ENABLE_MODULES = YES;
				CLANG_ENABLE_OBJC_ARC = YES;
				CLANG_WARN_BOOL_CONVERSION = YES;
				CLANG_WARN_CONSTANT_CONVERSION = YES;
				CLANG_WARN_DIRECT_OBJC_ISA_USAGE = YES_ERROR;
				CLANG_WARN_EMPTY_BODY = YES;
				CLANG_WARN_ENUM_CONVERSION = YES;
				CLANG_WARN_INFINITE_RECURSION = YES;
				CLANG_WARN_INT_CONVERSION = YES;
				CLANG_WARN_OBJC_ROOT_CLASS = YES_ERROR;
				CLANG_WARN_SUSPICIOUS_MOVE = YES;
				CLANG_WARN_UNREACHABLE_CODE = YES;
				CLANG_WARN__DUPLICATE_METHOD_MATCH = YES;
				"CODE_SIGN_IDENTITY[sdk=iphoneos*]" = "iPhone Developer";
				COPY_PHASE_STRIP = NO;
				CURRENT_PROJECT_VERSION = 2.48.0.1;
				DEBUG_INFORMATION_FORMAT = dwarf;
				ENABLE_STRICT_OBJC_MSGSEND = YES;
				ENABLE_TESTABILITY = YES;
				GCC_C_LANGUAGE_STANDARD = gnu99;
				GCC_DYNAMIC_NO_PIC = NO;
				GCC_NO_COMMON_BLOCKS = YES;
				GCC_OPTIMIZATION_LEVEL = 0;
				GCC_PREPROCESSOR_DEFINITIONS = (
					"DEBUG=1",
					"$(inherited)",
				);
				GCC_WARN_64_TO_32_BIT_CONVERSION = YES;
				GCC_WARN_ABOUT_RETURN_TYPE = YES_ERROR;
				GCC_WARN_UNDECLARED_SELECTOR = YES;
				GCC_WARN_UNINITIALIZED_AUTOS = YES_AGGRESSIVE;
				GCC_WARN_UNUSED_FUNCTION = YES;
				GCC_WARN_UNUSED_VARIABLE = YES;
				IPHONEOS_DEPLOYMENT_TARGET = 8.0;
				MTL_ENABLE_DEBUG_INFO = YES;
				ONLY_ACTIVE_ARCH = YES;
				SDKROOT = iphoneos;
				SWIFT_VERSION = 4.1;
				TARGETED_DEVICE_FAMILY = "1,2";
			};
			name = Debug;
		};
		804710671CFD94130088FB8E /* Release */ = {
			isa = XCBuildConfiguration;
			buildSettings = {
				ALWAYS_EMBED_SWIFT_STANDARD_LIBRARIES = YES;
				ALWAYS_SEARCH_USER_PATHS = NO;
				CLANG_ANALYZER_LOCALIZABILITY_NONLOCALIZED = YES;
				CLANG_ANALYZER_NONNULL = YES;
				CLANG_CXX_LANGUAGE_STANDARD = "gnu++0x";
				CLANG_CXX_LIBRARY = "libc++";
				CLANG_ENABLE_MODULES = YES;
				CLANG_ENABLE_OBJC_ARC = YES;
				CLANG_WARN_BOOL_CONVERSION = YES;
				CLANG_WARN_CONSTANT_CONVERSION = YES;
				CLANG_WARN_DIRECT_OBJC_ISA_USAGE = YES_ERROR;
				CLANG_WARN_EMPTY_BODY = YES;
				CLANG_WARN_ENUM_CONVERSION = YES;
				CLANG_WARN_INFINITE_RECURSION = YES;
				CLANG_WARN_INT_CONVERSION = YES;
				CLANG_WARN_OBJC_ROOT_CLASS = YES_ERROR;
				CLANG_WARN_SUSPICIOUS_MOVE = YES;
				CLANG_WARN_UNREACHABLE_CODE = YES;
				CLANG_WARN__DUPLICATE_METHOD_MATCH = YES;
				"CODE_SIGN_IDENTITY[sdk=iphoneos*]" = "iPhone Developer";
				COPY_PHASE_STRIP = NO;
				CURRENT_PROJECT_VERSION = 2.48.0.1;
				DEBUG_INFORMATION_FORMAT = "dwarf-with-dsym";
				ENABLE_NS_ASSERTIONS = NO;
				ENABLE_STRICT_OBJC_MSGSEND = YES;
				GCC_C_LANGUAGE_STANDARD = gnu99;
				GCC_NO_COMMON_BLOCKS = YES;
				GCC_WARN_64_TO_32_BIT_CONVERSION = YES;
				GCC_WARN_ABOUT_RETURN_TYPE = YES_ERROR;
				GCC_WARN_UNDECLARED_SELECTOR = YES;
				GCC_WARN_UNINITIALIZED_AUTOS = YES_AGGRESSIVE;
				GCC_WARN_UNUSED_FUNCTION = YES;
				GCC_WARN_UNUSED_VARIABLE = YES;
				IPHONEOS_DEPLOYMENT_TARGET = 8.0;
				MTL_ENABLE_DEBUG_INFO = NO;
				SDKROOT = iphoneos;
				SWIFT_VERSION = 4.1;
				TARGETED_DEVICE_FAMILY = "1,2";
				VALIDATE_PRODUCT = YES;
			};
			name = Release;
		};
		AAB161831F330CF60036B18E /* Debug */ = {
			isa = XCBuildConfiguration;
			baseConfigurationReference = 573A39A59B36826B2FD2314D /* Pods-ThreadsApp.debug.xcconfig */;
			buildSettings = {
				ASSETCATALOG_COMPILER_APPICON_NAME = AppIcon;
				CLANG_ENABLE_MODULES = YES;
				CODE_SIGN_ENTITLEMENTS = ThreadsApp/ThreadsApp.entitlements;
				CODE_SIGN_IDENTITY = "iPhone Developer";
				"CODE_SIGN_IDENTITY[sdk=iphoneos*]" = "iPhone Developer";
				DEBUG_INFORMATION_FORMAT = "dwarf-with-dsym";
				DEVELOPMENT_TEAM = G6U22Z6MLM;
				ENABLE_BITCODE = NO;
				FRAMEWORK_SEARCH_PATHS = (
					"$(inherited)",
					"$(PROJECT_DIR)/Frameworks/PushServerAPI",
					"$(PROJECT_DIR)/Frameworks",
					"$(PROJECT_DIR)",
				);
				INFOPLIST_FILE = "$(SRCROOT)/ThreadsApp/Supporting Files/ThreadsApp-Sample.plist";
				IPHONEOS_DEPLOYMENT_TARGET = 8.0;
				LD_RUNPATH_SEARCH_PATHS = "$(inherited) @executable_path/Frameworks";
				ONLY_ACTIVE_ARCH = YES;
				PRODUCT_BUNDLE_IDENTIFIER = com.threads.demo;
				PRODUCT_NAME = "$(TARGET_NAME)";
				PROVISIONING_PROFILE = "";
				PROVISIONING_PROFILE_SPECIFIER = "";
				SWIFT_OBJC_BRIDGING_HEADER = "ThreadsApp/Application/ThreadsApp - Polarbear-Bridging-Header.h";
				SWIFT_OPTIMIZATION_LEVEL = "-Onone";
			};
			name = Debug;
		};
		AAB161841F330CF60036B18E /* Release */ = {
			isa = XCBuildConfiguration;
			baseConfigurationReference = 95B5BD7D3E65C44F5D9E3BC8 /* Pods-ThreadsApp.release.xcconfig */;
			buildSettings = {
				ASSETCATALOG_COMPILER_APPICON_NAME = AppIcon;
				CLANG_ENABLE_MODULES = YES;
				CODE_SIGN_ENTITLEMENTS = ThreadsApp/ThreadsApp.entitlements;
				CODE_SIGN_IDENTITY = "iPhone Developer";
				"CODE_SIGN_IDENTITY[sdk=iphoneos*]" = "iPhone Developer";
				DEBUG_INFORMATION_FORMAT = "dwarf-with-dsym";
				DEVELOPMENT_TEAM = G6U22Z6MLM;
				ENABLE_BITCODE = NO;
				FRAMEWORK_SEARCH_PATHS = (
					"$(inherited)",
					"$(PROJECT_DIR)/Frameworks/PushServerAPI",
					"$(PROJECT_DIR)/Frameworks",
					"$(PROJECT_DIR)",
				);
				INFOPLIST_FILE = "$(SRCROOT)/ThreadsApp/Supporting Files/ThreadsApp-Sample.plist";
				IPHONEOS_DEPLOYMENT_TARGET = 8.0;
				LD_RUNPATH_SEARCH_PATHS = "$(inherited) @executable_path/Frameworks";
				ONLY_ACTIVE_ARCH = NO;
				PRODUCT_BUNDLE_IDENTIFIER = com.threads.demo;
				PRODUCT_NAME = "$(TARGET_NAME)";
				PROVISIONING_PROFILE = "";
				PROVISIONING_PROFILE_SPECIFIER = "";
				SWIFT_OBJC_BRIDGING_HEADER = "ThreadsApp/Application/ThreadsApp - Polarbear-Bridging-Header.h";
			};
			name = Release;
		};
/* End XCBuildConfiguration section */

/* Begin XCConfigurationList section */
		8047104C1CFD94120088FB8E /* Build configuration list for PBXProject "ThreadsApp" */ = {
			isa = XCConfigurationList;
			buildConfigurations = (
				804710661CFD94130088FB8E /* Debug */,
				804710671CFD94130088FB8E /* Release */,
			);
			defaultConfigurationIsVisible = 0;
			defaultConfigurationName = Release;
		};
		AAB161821F330CF60036B18E /* Build configuration list for PBXNativeTarget "ThreadsApp" */ = {
			isa = XCConfigurationList;
			buildConfigurations = (
				AAB161831F330CF60036B18E /* Debug */,
				AAB161841F330CF60036B18E /* Release */,
			);
			defaultConfigurationIsVisible = 0;
			defaultConfigurationName = Release;
		};
/* End XCConfigurationList section */
	};
	rootObject = 804710491CFD94120088FB8E /* Project object */;
}
