// !$*UTF8*$!
{
	archiveVersion = 1;
	classes = {
	};
	objectVersion = 50;
	objects = {

/* Begin PBXBuildFile section */
		79CC699F2355B5D8007A94A1 /* MainSwift.storyboard in Resources */ = {isa = PBXBuildFile; fileRef = 79CC699D2355B5D8007A94A1 /* MainSwift.storyboard */; };
		79CC6A672355B664007A94A1 /* Configuration.m in Sources */ = {isa = PBXBuildFile; fileRef = 79CC6A352355B664007A94A1 /* Configuration.m */; };
		79CC6A692355B664007A94A1 /* Localizable.strings in Resources */ = {isa = PBXBuildFile; fileRef = 79CC6A372355B664007A94A1 /* Localizable.strings */; };
		79CC6A6B2355B664007A94A1 /* Assets.xcassets in Resources */ = {isa = PBXBuildFile; fileRef = 79CC6A392355B664007A94A1 /* Assets.xcassets */; };
		79CC6A6D2355B664007A94A1 /* AlternateAttributes.xcassets in Resources */ = {isa = PBXBuildFile; fileRef = 79CC6A3A2355B664007A94A1 /* AlternateAttributes.xcassets */; };
		79CC6A6F2355B664007A94A1 /* lato-regular.ttf in Resources */ = {isa = PBXBuildFile; fileRef = 79CC6A3D2355B664007A94A1 /* lato-regular.ttf */; };
		79CC6A712355B664007A94A1 /* lato-semibold.ttf in Resources */ = {isa = PBXBuildFile; fileRef = 79CC6A3E2355B664007A94A1 /* lato-semibold.ttf */; };
		79CC6A732355B664007A94A1 /* lato-light.ttf in Resources */ = {isa = PBXBuildFile; fileRef = 79CC6A3F2355B664007A94A1 /* lato-light.ttf */; };
		79CC6A752355B664007A94A1 /* lato-medium.ttf in Resources */ = {isa = PBXBuildFile; fileRef = 79CC6A402355B664007A94A1 /* lato-medium.ttf */; };
		79CC6A8F2355B72F007A94A1 /* AppDelegate.swift in Sources */ = {isa = PBXBuildFile; fileRef = 79CC6A8D2355B72F007A94A1 /* AppDelegate.swift */; };
		79CC6ADF2355BE64007A94A1 /* Threads.framework in Frameworks */ = {isa = PBXBuildFile; fileRef = 79CC6ADA2355BE4C007A94A1 /* Threads.framework */; };
		79CC6AE02355BE64007A94A1 /* Threads.framework in Embed Frameworks */ = {isa = PBXBuildFile; fileRef = 79CC6ADA2355BE4C007A94A1 /* Threads.framework */; settings = {ATTRIBUTES = (CodeSignOnCopy, RemoveHeadersOnCopy, ); }; };
		79CC6AF02355C9D3007A94A1 /* MFMSPushLite.framework in Frameworks */ = {isa = PBXBuildFile; fileRef = 79CC6AED2355C7CE007A94A1 /* MFMSPushLite.framework */; };
		79CC6AF12355C9D3007A94A1 /* MFMSPushLite.framework in Embed Frameworks */ = {isa = PBXBuildFile; fileRef = 79CC6AED2355C7CE007A94A1 /* MFMSPushLite.framework */; settings = {ATTRIBUTES = (CodeSignOnCopy, RemoveHeadersOnCopy, ); }; };
		AA605B702382ECB1000FFD16 /* LaunchScreenSwift.storyboard in Resources */ = {isa = PBXBuildFile; fileRef = AA605B6F2382ECB1000FFD16 /* LaunchScreenSwift.storyboard */; };
		AA9A88EE2478026300F6B989 /* SignatureService.m in Sources */ = {isa = PBXBuildFile; fileRef = AA9A88EC2478026300F6B989 /* SignatureService.m */; };
		AAC185772477F0F500B99057 /* UtilitesViewController.m in Sources */ = {isa = PBXBuildFile; fileRef = AAC185752477F0F500B99057 /* UtilitesViewController.m */; };
		AAC1857E2477F11A00B99057 /* UIFont+THRFonts.swift in Sources */ = {isa = PBXBuildFile; fileRef = AAC185792477F11A00B99057 /* UIFont+THRFonts.swift */; };
		AAC1857F2477F11A00B99057 /* AttributesHelper.swift in Sources */ = {isa = PBXBuildFile; fileRef = AAC1857A2477F11A00B99057 /* AttributesHelper.swift */; };
		AAC185802477F11A00B99057 /* UIColor+AltColors.swift in Sources */ = {isa = PBXBuildFile; fileRef = AAC1857B2477F11A00B99057 /* UIColor+AltColors.swift */; };
		AAC185812477F11A00B99057 /* ColorCompatibility.swift in Sources */ = {isa = PBXBuildFile; fileRef = AAC1857C2477F11A00B99057 /* ColorCompatibility.swift */; };
		AAC185822477F11A00B99057 /* UIColor+RGB.swift in Sources */ = {isa = PBXBuildFile; fileRef = AAC1857D2477F11A00B99057 /* UIColor+RGB.swift */; };
		AAC1858B2477F12D00B99057 /* Storage.m in Sources */ = {isa = PBXBuildFile; fileRef = AAC185882477F12D00B99057 /* Storage.m */; };
		AAC185AA2477F14300B99057 /* ClientsTableViewDataSource.m in Sources */ = {isa = PBXBuildFile; fileRef = AAC185902477F14300B99057 /* ClientsTableViewDataSource.m */; };
		AAC185AB2477F14300B99057 /* ClientComposerViewController.m in Sources */ = {isa = PBXBuildFile; fileRef = AAC185932477F14300B99057 /* ClientComposerViewController.m */; };
		AAC185AC2477F14300B99057 /* ClientTableViewCell.m in Sources */ = {isa = PBXBuildFile; fileRef = AAC185962477F14300B99057 /* ClientTableViewCell.m */; };
		AAC185AD2477F14300B99057 /* Client.m in Sources */ = {isa = PBXBuildFile; fileRef = AAC185992477F14300B99057 /* Client.m */; };
		AAC185AE2477F14300B99057 /* ClientsViewController.swift in Sources */ = {isa = PBXBuildFile; fileRef = AAC1859A2477F14300B99057 /* ClientsViewController.swift */; };
		AAC185AF2477F14300B99057 /* ChatInTabNavigationController.swift in Sources */ = {isa = PBXBuildFile; fileRef = AAC1859C2477F14300B99057 /* ChatInTabNavigationController.swift */; };
		AAC185B02477F14300B99057 /* PictureMessageViewController.m in Sources */ = {isa = PBXBuildFile; fileRef = AAC1859E2477F14300B99057 /* PictureMessageViewController.m */; };
		AAC185B12477F14300B99057 /* PictureMessageSwiftViewController.swift in Sources */ = {isa = PBXBuildFile; fileRef = AAC185A02477F14300B99057 /* PictureMessageSwiftViewController.swift */; };
		AAC185B22477F14300B99057 /* IntegrationsViewController+UITableViewDelegate.swift in Sources */ = {isa = PBXBuildFile; fileRef = AAC185A22477F14300B99057 /* IntegrationsViewController+UITableViewDelegate.swift */; };
		AAC185B32477F14300B99057 /* IntegrationsViewController.swift in Sources */ = {isa = PBXBuildFile; fileRef = AAC185A32477F14300B99057 /* IntegrationsViewController.swift */; };
		AAC185B42477F14300B99057 /* TextMessageViewController.m in Sources */ = {isa = PBXBuildFile; fileRef = AAC185A52477F14300B99057 /* TextMessageViewController.m */; };
		AAC185B52477F14300B99057 /* TextMessageSwiftViewController.swift in Sources */ = {isa = PBXBuildFile; fileRef = AAC185A72477F14300B99057 /* TextMessageSwiftViewController.swift */; };
		AAC185B62477F14300B99057 /* MainViewController.swift in Sources */ = {isa = PBXBuildFile; fileRef = AAC185A92477F14300B99057 /* MainViewController.swift */; };
/* End PBXBuildFile section */

/* Begin PBXCopyFilesBuildPhase section */
		79CC6AD62355BE10007A94A1 /* Embed Frameworks */ = {
			isa = PBXCopyFilesBuildPhase;
			buildActionMask = 2147483647;
			dstPath = "";
			dstSubfolderSpec = 10;
			files = (
				79CC6AE02355BE64007A94A1 /* Threads.framework in Embed Frameworks */,
				79CC6AF12355C9D3007A94A1 /* MFMSPushLite.framework in Embed Frameworks */,
			);
			name = "Embed Frameworks";
			runOnlyForDeploymentPostprocessing = 0;
		};
/* End PBXCopyFilesBuildPhase section */

/* Begin PBXFileReference section */
		79CC69952355B5D8007A94A1 /* ExampleSwift.app */ = {isa = PBXFileReference; explicitFileType = wrapper.application; includeInIndex = 0; path = ExampleSwift.app; sourceTree = BUILT_PRODUCTS_DIR; };
		79CC699E2355B5D8007A94A1 /* Base */ = {isa = PBXFileReference; lastKnownFileType = file.storyboard; name = Base; path = Base.lproj/MainSwift.storyboard; sourceTree = "<group>"; };
		79CC6A342355B664007A94A1 /* Configuration.h */ = {isa = PBXFileReference; fileEncoding = 4; lastKnownFileType = sourcecode.c.h; path = Configuration.h; sourceTree = "<group>"; };
		79CC6A352355B664007A94A1 /* Configuration.m */ = {isa = PBXFileReference; fileEncoding = 4; lastKnownFileType = sourcecode.c.objc; path = Configuration.m; sourceTree = "<group>"; };
		79CC6A382355B664007A94A1 /* en */ = {isa = PBXFileReference; lastKnownFileType = text.plist.strings; name = en; path = en.lproj/Localizable.strings; sourceTree = "<group>"; };
		79CC6A392355B664007A94A1 /* Assets.xcassets */ = {isa = PBXFileReference; lastKnownFileType = folder.assetcatalog; path = Assets.xcassets; sourceTree = "<group>"; };
		79CC6A3A2355B664007A94A1 /* AlternateAttributes.xcassets */ = {isa = PBXFileReference; lastKnownFileType = folder.assetcatalog; path = AlternateAttributes.xcassets; sourceTree = "<group>"; };
		79CC6A3B2355B664007A94A1 /* ru */ = {isa = PBXFileReference; lastKnownFileType = text.plist.strings; name = ru; path = ru.lproj/Localizable.strings; sourceTree = "<group>"; };
		79CC6A3D2355B664007A94A1 /* lato-regular.ttf */ = {isa = PBXFileReference; lastKnownFileType = file; path = "lato-regular.ttf"; sourceTree = "<group>"; };
		79CC6A3E2355B664007A94A1 /* lato-semibold.ttf */ = {isa = PBXFileReference; lastKnownFileType = file; path = "lato-semibold.ttf"; sourceTree = "<group>"; };
		79CC6A3F2355B664007A94A1 /* lato-light.ttf */ = {isa = PBXFileReference; lastKnownFileType = file; path = "lato-light.ttf"; sourceTree = "<group>"; };
		79CC6A402355B664007A94A1 /* lato-medium.ttf */ = {isa = PBXFileReference; lastKnownFileType = file; path = "lato-medium.ttf"; sourceTree = "<group>"; };
		79CC6A8C2355B72F007A94A1 /* ExampleSwift-Bridging-Header.h */ = {isa = PBXFileReference; fileEncoding = 4; lastKnownFileType = sourcecode.c.h; path = "ExampleSwift-Bridging-Header.h"; sourceTree = "<group>"; };
		79CC6A8D2355B72F007A94A1 /* AppDelegate.swift */ = {isa = PBXFileReference; fileEncoding = 4; lastKnownFileType = sourcecode.swift; path = AppDelegate.swift; sourceTree = "<group>"; };
		79CC6A8E2355B72F007A94A1 /* Info.plist */ = {isa = PBXFileReference; fileEncoding = 4; lastKnownFileType = text.plist.xml; path = Info.plist; sourceTree = "<group>"; };
		79CC6AD32355BAFF007A94A1 /* ru */ = {isa = PBXFileReference; lastKnownFileType = text.plist.strings; name = ru; path = ru.lproj/MainSwift.strings; sourceTree = "<group>"; };
		79CC6ADA2355BE4C007A94A1 /* Threads.framework */ = {isa = PBXFileReference; lastKnownFileType = wrapper.framework; name = Threads.framework; path = ../Frameworks/universal/Threads.framework; sourceTree = "<group>"; };
		79CC6AE32355BF21007A94A1 /* ExampleSwift.entitlements */ = {isa = PBXFileReference; lastKnownFileType = text.plist.entitlements; path = ExampleSwift.entitlements; sourceTree = "<group>"; };
		79CC6AED2355C7CE007A94A1 /* MFMSPushLite.framework */ = {isa = PBXFileReference; lastKnownFileType = wrapper.framework; name = MFMSPushLite.framework; path = ../Frameworks/universal/MFMSPushLite.framework; sourceTree = "<group>"; };
		AA605B6F2382ECB1000FFD16 /* LaunchScreenSwift.storyboard */ = {isa = PBXFileReference; fileEncoding = 4; lastKnownFileType = file.storyboard; path = LaunchScreenSwift.storyboard; sourceTree = "<group>"; };
		AA9A88EC2478026300F6B989 /* SignatureService.m */ = {isa = PBXFileReference; fileEncoding = 4; lastKnownFileType = sourcecode.c.objc; path = SignatureService.m; sourceTree = "<group>"; };
		AA9A88ED2478026300F6B989 /* SignatureService.h */ = {isa = PBXFileReference; fileEncoding = 4; lastKnownFileType = sourcecode.c.h; path = SignatureService.h; sourceTree = "<group>"; };
		AAC185752477F0F500B99057 /* UtilitesViewController.m */ = {isa = PBXFileReference; fileEncoding = 4; lastKnownFileType = sourcecode.c.objc; path = UtilitesViewController.m; sourceTree = "<group>"; };
		AAC185762477F0F500B99057 /* UtilitesViewController.h */ = {isa = PBXFileReference; fileEncoding = 4; lastKnownFileType = sourcecode.c.h; path = UtilitesViewController.h; sourceTree = "<group>"; };
		AAC185792477F11A00B99057 /* UIFont+THRFonts.swift */ = {isa = PBXFileReference; fileEncoding = 4; lastKnownFileType = sourcecode.swift; path = "UIFont+THRFonts.swift"; sourceTree = "<group>"; };
		AAC1857A2477F11A00B99057 /* AttributesHelper.swift */ = {isa = PBXFileReference; fileEncoding = 4; lastKnownFileType = sourcecode.swift; path = AttributesHelper.swift; sourceTree = "<group>"; };
		AAC1857B2477F11A00B99057 /* UIColor+AltColors.swift */ = {isa = PBXFileReference; fileEncoding = 4; lastKnownFileType = sourcecode.swift; path = "UIColor+AltColors.swift"; sourceTree = "<group>"; };
		AAC1857C2477F11A00B99057 /* ColorCompatibility.swift */ = {isa = PBXFileReference; fileEncoding = 4; lastKnownFileType = sourcecode.swift; path = ColorCompatibility.swift; sourceTree = "<group>"; };
		AAC1857D2477F11A00B99057 /* UIColor+RGB.swift */ = {isa = PBXFileReference; fileEncoding = 4; lastKnownFileType = sourcecode.swift; path = "UIColor+RGB.swift"; sourceTree = "<group>"; };
		AAC185882477F12D00B99057 /* Storage.m */ = {isa = PBXFileReference; fileEncoding = 4; lastKnownFileType = sourcecode.c.objc; path = Storage.m; sourceTree = "<group>"; };
		AAC185892477F12D00B99057 /* Storage.h */ = {isa = PBXFileReference; fileEncoding = 4; lastKnownFileType = sourcecode.c.h; path = Storage.h; sourceTree = "<group>"; };
		AAC1858F2477F14300B99057 /* ClientsTableViewDataSource.h */ = {isa = PBXFileReference; fileEncoding = 4; lastKnownFileType = sourcecode.c.h; path = ClientsTableViewDataSource.h; sourceTree = "<group>"; };
		AAC185902477F14300B99057 /* ClientsTableViewDataSource.m */ = {isa = PBXFileReference; fileEncoding = 4; lastKnownFileType = sourcecode.c.objc; path = ClientsTableViewDataSource.m; sourceTree = "<group>"; };
		AAC185922477F14300B99057 /* ClientComposerViewController.h */ = {isa = PBXFileReference; fileEncoding = 4; lastKnownFileType = sourcecode.c.h; path = ClientComposerViewController.h; sourceTree = "<group>"; };
		AAC185932477F14300B99057 /* ClientComposerViewController.m */ = {isa = PBXFileReference; fileEncoding = 4; lastKnownFileType = sourcecode.c.objc; path = ClientComposerViewController.m; sourceTree = "<group>"; };
		AAC185952477F14300B99057 /* ClientTableViewCell.h */ = {isa = PBXFileReference; fileEncoding = 4; lastKnownFileType = sourcecode.c.h; path = ClientTableViewCell.h; sourceTree = "<group>"; };
		AAC185962477F14300B99057 /* ClientTableViewCell.m */ = {isa = PBXFileReference; fileEncoding = 4; lastKnownFileType = sourcecode.c.objc; path = ClientTableViewCell.m; sourceTree = "<group>"; };
		AAC185982477F14300B99057 /* Client.h */ = {isa = PBXFileReference; fileEncoding = 4; lastKnownFileType = sourcecode.c.h; path = Client.h; sourceTree = "<group>"; };
		AAC185992477F14300B99057 /* Client.m */ = {isa = PBXFileReference; fileEncoding = 4; lastKnownFileType = sourcecode.c.objc; path = Client.m; sourceTree = "<group>"; };
		AAC1859A2477F14300B99057 /* ClientsViewController.swift */ = {isa = PBXFileReference; fileEncoding = 4; lastKnownFileType = sourcecode.swift; path = ClientsViewController.swift; sourceTree = "<group>"; };
		AAC1859C2477F14300B99057 /* ChatInTabNavigationController.swift */ = {isa = PBXFileReference; fileEncoding = 4; lastKnownFileType = sourcecode.swift; path = ChatInTabNavigationController.swift; sourceTree = "<group>"; };
		AAC1859E2477F14300B99057 /* PictureMessageViewController.m */ = {isa = PBXFileReference; fileEncoding = 4; lastKnownFileType = sourcecode.c.objc; path = PictureMessageViewController.m; sourceTree = "<group>"; };
		AAC1859F2477F14300B99057 /* PictureMessageViewController.h */ = {isa = PBXFileReference; fileEncoding = 4; lastKnownFileType = sourcecode.c.h; path = PictureMessageViewController.h; sourceTree = "<group>"; };
		AAC185A02477F14300B99057 /* PictureMessageSwiftViewController.swift */ = {isa = PBXFileReference; fileEncoding = 4; lastKnownFileType = sourcecode.swift; path = PictureMessageSwiftViewController.swift; sourceTree = "<group>"; };
		AAC185A22477F14300B99057 /* IntegrationsViewController+UITableViewDelegate.swift */ = {isa = PBXFileReference; fileEncoding = 4; lastKnownFileType = sourcecode.swift; path = "IntegrationsViewController+UITableViewDelegate.swift"; sourceTree = "<group>"; };
		AAC185A32477F14300B99057 /* IntegrationsViewController.swift */ = {isa = PBXFileReference; fileEncoding = 4; lastKnownFileType = sourcecode.swift; path = IntegrationsViewController.swift; sourceTree = "<group>"; };
		AAC185A52477F14300B99057 /* TextMessageViewController.m */ = {isa = PBXFileReference; fileEncoding = 4; lastKnownFileType = sourcecode.c.objc; path = TextMessageViewController.m; sourceTree = "<group>"; };
		AAC185A62477F14300B99057 /* TextMessageViewController.h */ = {isa = PBXFileReference; fileEncoding = 4; lastKnownFileType = sourcecode.c.h; path = TextMessageViewController.h; sourceTree = "<group>"; };
		AAC185A72477F14300B99057 /* TextMessageSwiftViewController.swift */ = {isa = PBXFileReference; fileEncoding = 4; lastKnownFileType = sourcecode.swift; path = TextMessageSwiftViewController.swift; sourceTree = "<group>"; };
		AAC185A92477F14300B99057 /* MainViewController.swift */ = {isa = PBXFileReference; fileEncoding = 4; lastKnownFileType = sourcecode.swift; path = MainViewController.swift; sourceTree = "<group>"; };
/* End PBXFileReference section */

/* Begin PBXFrameworksBuildPhase section */
		79CC69922355B5D8007A94A1 /* Frameworks */ = {
			isa = PBXFrameworksBuildPhase;
			buildActionMask = 2147483647;
			files = (
				79CC6ADF2355BE64007A94A1 /* Threads.framework in Frameworks */,
				79CC6AF02355C9D3007A94A1 /* MFMSPushLite.framework in Frameworks */,
			);
			runOnlyForDeploymentPostprocessing = 0;
		};
/* End PBXFrameworksBuildPhase section */

/* Begin PBXGroup section */
		799E15322355B4E800E572B8 = {
			isa = PBXGroup;
			children = (
				79CC69962355B5D8007A94A1 /* ExampleSwift */,
				799E153C2355B4E800E572B8 /* Products */,
				79CC6AA62355B808007A94A1 /* Frameworks */,
			);
			sourceTree = "<group>";
		};
		799E153C2355B4E800E572B8 /* Products */ = {
			isa = PBXGroup;
			children = (
				79CC69952355B5D8007A94A1 /* ExampleSwift.app */,
			);
			name = Products;
			sourceTree = "<group>";
		};
		79CC69962355B5D8007A94A1 /* ExampleSwift */ = {
			isa = PBXGroup;
			children = (
				79CC6AE32355BF21007A94A1 /* ExampleSwift.entitlements */,
				79CC6A8B2355B72F007A94A1 /* Application */,
				79CC6A332355B664007A94A1 /* Configuration */,
				AAC1858C2477F14300B99057 /* Controllers */,
				79CC6A362355B664007A94A1 /* Resources */,
				AAC185832477F12D00B99057 /* Services */,
				AAC185782477F11A00B99057 /* Settings */,
				AAC185742477F0F500B99057 /* Utilites */,
				79CC699D2355B5D8007A94A1 /* MainSwift.storyboard */,
				AA605B6F2382ECB1000FFD16 /* LaunchScreenSwift.storyboard */,
			);
			path = ExampleSwift;
			sourceTree = "<group>";
		};
		79CC6A332355B664007A94A1 /* Configuration */ = {
			isa = PBXGroup;
			children = (
				79CC6A342355B664007A94A1 /* Configuration.h */,
				79CC6A352355B664007A94A1 /* Configuration.m */,
			);
			path = Configuration;
			sourceTree = "<group>";
		};
		79CC6A362355B664007A94A1 /* Resources */ = {
			isa = PBXGroup;
			children = (
				79CC6A372355B664007A94A1 /* Localizable.strings */,
				79CC6A392355B664007A94A1 /* Assets.xcassets */,
				79CC6A3A2355B664007A94A1 /* AlternateAttributes.xcassets */,
				79CC6A3C2355B664007A94A1 /* Fonts */,
			);
			path = Resources;
			sourceTree = "<group>";
		};
		79CC6A3C2355B664007A94A1 /* Fonts */ = {
			isa = PBXGroup;
			children = (
				79CC6A3D2355B664007A94A1 /* lato-regular.ttf */,
				79CC6A3E2355B664007A94A1 /* lato-semibold.ttf */,
				79CC6A3F2355B664007A94A1 /* lato-light.ttf */,
				79CC6A402355B664007A94A1 /* lato-medium.ttf */,
			);
			path = Fonts;
			sourceTree = "<group>";
		};
		79CC6A8B2355B72F007A94A1 /* Application */ = {
			isa = PBXGroup;
			children = (
				79CC6A8D2355B72F007A94A1 /* AppDelegate.swift */,
				79CC6A8C2355B72F007A94A1 /* ExampleSwift-Bridging-Header.h */,
				79CC6A8E2355B72F007A94A1 /* Info.plist */,
			);
			path = Application;
			sourceTree = "<group>";
		};
		79CC6AA62355B808007A94A1 /* Frameworks */ = {
			isa = PBXGroup;
			children = (
				79CC6AED2355C7CE007A94A1 /* MFMSPushLite.framework */,
				79CC6ADA2355BE4C007A94A1 /* Threads.framework */,
			);
			name = Frameworks;
			sourceTree = "<group>";
		};
		AA9A88EB2478026300F6B989 /* Signature */ = {
			isa = PBXGroup;
			children = (
				AA9A88EC2478026300F6B989 /* SignatureService.m */,
				AA9A88ED2478026300F6B989 /* SignatureService.h */,
			);
			name = Signature;
			path = Services/Signature;
			sourceTree = "<group>";
		};
		AAC185742477F0F500B99057 /* Utilites */ = {
			isa = PBXGroup;
			children = (
				AAC185762477F0F500B99057 /* UtilitesViewController.h */,
				AAC185752477F0F500B99057 /* UtilitesViewController.m */,
			);
			path = Utilites;
			sourceTree = "<group>";
		};
		AAC185782477F11A00B99057 /* Settings */ = {
			isa = PBXGroup;
			children = (
				AAC1857A2477F11A00B99057 /* AttributesHelper.swift */,
				AAC1857C2477F11A00B99057 /* ColorCompatibility.swift */,
				AAC1857B2477F11A00B99057 /* UIColor+AltColors.swift */,
				AAC1857D2477F11A00B99057 /* UIColor+RGB.swift */,
				AAC185792477F11A00B99057 /* UIFont+THRFonts.swift */,
			);
			path = Settings;
			sourceTree = "<group>";
		};
		AAC185832477F12D00B99057 /* Services */ = {
			isa = PBXGroup;
			children = (
				AA9A88EB2478026300F6B989 /* Signature */,
				AAC185872477F12D00B99057 /* Storage */,
			);
			path = Services;
			sourceTree = "<group>";
		};
		AAC185872477F12D00B99057 /* Storage */ = {
			isa = PBXGroup;
			children = (
				AAC185892477F12D00B99057 /* Storage.h */,
				AAC185882477F12D00B99057 /* Storage.m */,
			);
			path = Storage;
			sourceTree = "<group>";
		};
		AAC1858C2477F14300B99057 /* Controllers */ = {
			isa = PBXGroup;
			children = (
				AAC1859B2477F14300B99057 /* ChatInTabNavigationController */,
				AAC1858D2477F14300B99057 /* Clients */,
				AAC185A12477F14300B99057 /* Integrations */,
				AAC185A82477F14300B99057 /* Main */,
				AAC1859D2477F14300B99057 /* PictureMessage */,
				AAC185A42477F14300B99057 /* TextMessage */,
			);
			path = Controllers;
			sourceTree = "<group>";
		};
		AAC1858D2477F14300B99057 /* Clients */ = {
			isa = PBXGroup;
			children = (
				AAC185972477F14300B99057 /* Client */,
				AAC185912477F14300B99057 /* ClientComposer */,
				AAC1858E2477F14300B99057 /* DataSource */,
				AAC185942477F14300B99057 /* TableViewCell */,
				AAC1859A2477F14300B99057 /* ClientsViewController.swift */,
			);
			path = Clients;
			sourceTree = "<group>";
		};
		AAC1858E2477F14300B99057 /* DataSource */ = {
			isa = PBXGroup;
			children = (
				AAC1858F2477F14300B99057 /* ClientsTableViewDataSource.h */,
				AAC185902477F14300B99057 /* ClientsTableViewDataSource.m */,
			);
			path = DataSource;
			sourceTree = "<group>";
		};
		AAC185912477F14300B99057 /* ClientComposer */ = {
			isa = PBXGroup;
			children = (
				AAC185922477F14300B99057 /* ClientComposerViewController.h */,
				AAC185932477F14300B99057 /* ClientComposerViewController.m */,
			);
			path = ClientComposer;
			sourceTree = "<group>";
		};
		AAC185942477F14300B99057 /* TableViewCell */ = {
			isa = PBXGroup;
			children = (
				AAC185952477F14300B99057 /* ClientTableViewCell.h */,
				AAC185962477F14300B99057 /* ClientTableViewCell.m */,
			);
			path = TableViewCell;
			sourceTree = "<group>";
		};
		AAC185972477F14300B99057 /* Client */ = {
			isa = PBXGroup;
			children = (
				AAC185982477F14300B99057 /* Client.h */,
				AAC185992477F14300B99057 /* Client.m */,
			);
			path = Client;
			sourceTree = "<group>";
		};
		AAC1859B2477F14300B99057 /* ChatInTabNavigationController */ = {
			isa = PBXGroup;
			children = (
				AAC1859C2477F14300B99057 /* ChatInTabNavigationController.swift */,
			);
			path = ChatInTabNavigationController;
			sourceTree = "<group>";
		};
		AAC1859D2477F14300B99057 /* PictureMessage */ = {
			isa = PBXGroup;
			children = (
				AAC185A02477F14300B99057 /* PictureMessageSwiftViewController.swift */,
				AAC1859F2477F14300B99057 /* PictureMessageViewController.h */,
				AAC1859E2477F14300B99057 /* PictureMessageViewController.m */,
			);
			path = PictureMessage;
			sourceTree = "<group>";
		};
		AAC185A12477F14300B99057 /* Integrations */ = {
			isa = PBXGroup;
			children = (
				AAC185A32477F14300B99057 /* IntegrationsViewController.swift */,
				AAC185A22477F14300B99057 /* IntegrationsViewController+UITableViewDelegate.swift */,
			);
			path = Integrations;
			sourceTree = "<group>";
		};
		AAC185A42477F14300B99057 /* TextMessage */ = {
			isa = PBXGroup;
			children = (
				AAC185A72477F14300B99057 /* TextMessageSwiftViewController.swift */,
				AAC185A62477F14300B99057 /* TextMessageViewController.h */,
				AAC185A52477F14300B99057 /* TextMessageViewController.m */,
			);
			path = TextMessage;
			sourceTree = "<group>";
		};
		AAC185A82477F14300B99057 /* Main */ = {
			isa = PBXGroup;
			children = (
				AAC185A92477F14300B99057 /* MainViewController.swift */,
			);
			path = Main;
			sourceTree = "<group>";
		};
/* End PBXGroup section */

/* Begin PBXNativeTarget section */
		79CC69942355B5D8007A94A1 /* ExampleSwift */ = {
			isa = PBXNativeTarget;
			buildConfigurationList = 79CC69A62355B5D9007A94A1 /* Build configuration list for PBXNativeTarget "ExampleSwift" */;
			buildPhases = (
				79CC69912355B5D8007A94A1 /* Sources */,
				79CC69922355B5D8007A94A1 /* Frameworks */,
				79CC69932355B5D8007A94A1 /* Resources */,
				79CC6AD62355BE10007A94A1 /* Embed Frameworks */,
			);
			buildRules = (
			);
			dependencies = (
			);
			name = ExampleSwift;
			productName = ExampleSwift;
			productReference = 79CC69952355B5D8007A94A1 /* ExampleSwift.app */;
			productType = "com.apple.product-type.application";
		};
/* End PBXNativeTarget section */

/* Begin PBXProject section */
		799E15332355B4E800E572B8 /* Project object */ = {
			isa = PBXProject;
			attributes = {
				LastSwiftUpdateCheck = 1110;
				LastUpgradeCheck = 1110;
				ORGANIZATIONNAME = Threads;
				TargetAttributes = {
					79CC69942355B5D8007A94A1 = {
						CreatedOnToolsVersion = 11.1;
					};
				};
			};
			buildConfigurationList = 799E15362355B4E800E572B8 /* Build configuration list for PBXProject "Example" */;
			compatibilityVersion = "Xcode 9.3";
			developmentRegion = en;
			hasScannedForEncodings = 0;
			knownRegions = (
				en,
				Base,
				ru,
			);
			mainGroup = 799E15322355B4E800E572B8;
			productRefGroup = 799E153C2355B4E800E572B8 /* Products */;
			projectDirPath = "";
			projectRoot = "";
			targets = (
				79CC69942355B5D8007A94A1 /* ExampleSwift */,
			);
		};
/* End PBXProject section */

/* Begin PBXResourcesBuildPhase section */
		79CC69932355B5D8007A94A1 /* Resources */ = {
			isa = PBXResourcesBuildPhase;
			buildActionMask = 2147483647;
			files = (
				79CC6A752355B664007A94A1 /* lato-medium.ttf in Resources */,
				79CC6A712355B664007A94A1 /* lato-semibold.ttf in Resources */,
				79CC6A732355B664007A94A1 /* lato-light.ttf in Resources */,
				79CC6A692355B664007A94A1 /* Localizable.strings in Resources */,
				79CC6A6D2355B664007A94A1 /* AlternateAttributes.xcassets in Resources */,
				79CC699F2355B5D8007A94A1 /* MainSwift.storyboard in Resources */,
				AA605B702382ECB1000FFD16 /* LaunchScreenSwift.storyboard in Resources */,
				79CC6A6B2355B664007A94A1 /* Assets.xcassets in Resources */,
				79CC6A6F2355B664007A94A1 /* lato-regular.ttf in Resources */,
			);
			runOnlyForDeploymentPostprocessing = 0;
		};
/* End PBXResourcesBuildPhase section */

/* Begin PBXSourcesBuildPhase section */
		79CC69912355B5D8007A94A1 /* Sources */ = {
			isa = PBXSourcesBuildPhase;
			buildActionMask = 2147483647;
			files = (
				AAC185AF2477F14300B99057 /* ChatInTabNavigationController.swift in Sources */,
				AAC185B62477F14300B99057 /* MainViewController.swift in Sources */,
				AAC185AA2477F14300B99057 /* ClientsTableViewDataSource.m in Sources */,
				AAC185772477F0F500B99057 /* UtilitesViewController.m in Sources */,
				AAC1857E2477F11A00B99057 /* UIFont+THRFonts.swift in Sources */,
				AAC185B22477F14300B99057 /* IntegrationsViewController+UITableViewDelegate.swift in Sources */,
				AAC185B52477F14300B99057 /* TextMessageSwiftViewController.swift in Sources */,
				AAC185AE2477F14300B99057 /* ClientsViewController.swift in Sources */,
				AAC185AB2477F14300B99057 /* ClientComposerViewController.m in Sources */,
				AAC185812477F11A00B99057 /* ColorCompatibility.swift in Sources */,
				AAC185B02477F14300B99057 /* PictureMessageViewController.m in Sources */,
				AAC185B12477F14300B99057 /* PictureMessageSwiftViewController.swift in Sources */,
				AAC185AD2477F14300B99057 /* Client.m in Sources */,
				AAC1858B2477F12D00B99057 /* Storage.m in Sources */,
				AA9A88EE2478026300F6B989 /* SignatureService.m in Sources */,
				79CC6A8F2355B72F007A94A1 /* AppDelegate.swift in Sources */,
				AAC185B32477F14300B99057 /* IntegrationsViewController.swift in Sources */,
				79CC6A672355B664007A94A1 /* Configuration.m in Sources */,
				AAC185802477F11A00B99057 /* UIColor+AltColors.swift in Sources */,
				AAC1857F2477F11A00B99057 /* AttributesHelper.swift in Sources */,
				AAC185822477F11A00B99057 /* UIColor+RGB.swift in Sources */,
				AAC185AC2477F14300B99057 /* ClientTableViewCell.m in Sources */,
				AAC185B42477F14300B99057 /* TextMessageViewController.m in Sources */,
			);
			runOnlyForDeploymentPostprocessing = 0;
		};
/* End PBXSourcesBuildPhase section */

/* Begin PBXVariantGroup section */
		79CC699D2355B5D8007A94A1 /* MainSwift.storyboard */ = {
			isa = PBXVariantGroup;
			children = (
				79CC699E2355B5D8007A94A1 /* Base */,
				79CC6AD32355BAFF007A94A1 /* ru */,
			);
			name = MainSwift.storyboard;
			sourceTree = "<group>";
		};
		79CC6A372355B664007A94A1 /* Localizable.strings */ = {
			isa = PBXVariantGroup;
			children = (
				79CC6A382355B664007A94A1 /* en */,
				79CC6A3B2355B664007A94A1 /* ru */,
			);
			name = Localizable.strings;
			sourceTree = "<group>";
		};
/* End PBXVariantGroup section */

/* Begin XCBuildConfiguration section */
		799E154D2355B4EA00E572B8 /* Debug */ = {
			isa = XCBuildConfiguration;
			buildSettings = {
				ALWAYS_SEARCH_USER_PATHS = NO;
				CLANG_ANALYZER_NONNULL = YES;
				CLANG_ANALYZER_NUMBER_OBJECT_CONVERSION = YES_AGGRESSIVE;
				CLANG_CXX_LANGUAGE_STANDARD = "gnu++14";
				CLANG_CXX_LIBRARY = "libc++";
				CLANG_ENABLE_MODULES = YES;
				CLANG_ENABLE_OBJC_ARC = YES;
				CLANG_ENABLE_OBJC_WEAK = YES;
				CLANG_WARN_BLOCK_CAPTURE_AUTORELEASING = YES;
				CLANG_WARN_BOOL_CONVERSION = YES;
				CLANG_WARN_COMMA = YES;
				CLANG_WARN_CONSTANT_CONVERSION = YES;
				CLANG_WARN_DEPRECATED_OBJC_IMPLEMENTATIONS = YES;
				CLANG_WARN_DIRECT_OBJC_ISA_USAGE = YES_ERROR;
				CLANG_WARN_DOCUMENTATION_COMMENTS = YES;
				CLANG_WARN_EMPTY_BODY = YES;
				CLANG_WARN_ENUM_CONVERSION = YES;
				CLANG_WARN_INFINITE_RECURSION = YES;
				CLANG_WARN_INT_CONVERSION = YES;
				CLANG_WARN_NON_LITERAL_NULL_CONVERSION = YES;
				CLANG_WARN_OBJC_IMPLICIT_RETAIN_SELF = YES;
				CLANG_WARN_OBJC_LITERAL_CONVERSION = YES;
				CLANG_WARN_OBJC_ROOT_CLASS = YES_ERROR;
				CLANG_WARN_RANGE_LOOP_ANALYSIS = YES;
				CLANG_WARN_STRICT_PROTOTYPES = YES;
				CLANG_WARN_SUSPICIOUS_MOVE = YES;
				CLANG_WARN_UNGUARDED_AVAILABILITY = YES_AGGRESSIVE;
				CLANG_WARN_UNREACHABLE_CODE = YES;
				CLANG_WARN__DUPLICATE_METHOD_MATCH = YES;
				COPY_PHASE_STRIP = NO;
				CURRENT_PROJECT_VERSION = 3.2.0;
				DEBUG_INFORMATION_FORMAT = dwarf;
				ENABLE_STRICT_OBJC_MSGSEND = YES;
				ENABLE_TESTABILITY = YES;
				FRAMEWORK_SEARCH_PATHS = "$(PROJECT_DIR)/../Frameworks/universal";
				GCC_C_LANGUAGE_STANDARD = gnu11;
				GCC_DYNAMIC_NO_PIC = NO;
				GCC_NO_COMMON_BLOCKS = YES;
				GCC_OPTIMIZATION_LEVEL = 0;
				GCC_PREPROCESSOR_DEFINITIONS = (
					"DEBUG=1",
					"$(inherited)",
				);
				GCC_WARN_64_TO_32_BIT_CONVERSION = YES;
				GCC_WARN_ABOUT_RETURN_TYPE = YES_ERROR;
				GCC_WARN_UNDECLARED_SELECTOR = YES;
				GCC_WARN_UNINITIALIZED_AUTOS = YES_AGGRESSIVE;
				GCC_WARN_UNUSED_FUNCTION = YES;
				GCC_WARN_UNUSED_VARIABLE = YES;
				IPHONEOS_DEPLOYMENT_TARGET = 13.1;
				MTL_ENABLE_DEBUG_INFO = INCLUDE_SOURCE;
				MTL_FAST_MATH = YES;
				ONLY_ACTIVE_ARCH = YES;
				SDKROOT = iphoneos;
				SWIFT_ACTIVE_COMPILATION_CONDITIONS = DEBUG;
				SWIFT_OPTIMIZATION_LEVEL = "-Onone";
			};
			name = Debug;
		};
		799E154E2355B4EA00E572B8 /* Release */ = {
			isa = XCBuildConfiguration;
			buildSettings = {
				ALWAYS_SEARCH_USER_PATHS = NO;
				CLANG_ANALYZER_NONNULL = YES;
				CLANG_ANALYZER_NUMBER_OBJECT_CONVERSION = YES_AGGRESSIVE;
				CLANG_CXX_LANGUAGE_STANDARD = "gnu++14";
				CLANG_CXX_LIBRARY = "libc++";
				CLANG_ENABLE_MODULES = YES;
				CLANG_ENABLE_OBJC_ARC = YES;
				CLANG_ENABLE_OBJC_WEAK = YES;
				CLANG_WARN_BLOCK_CAPTURE_AUTORELEASING = YES;
				CLANG_WARN_BOOL_CONVERSION = YES;
				CLANG_WARN_COMMA = YES;
				CLANG_WARN_CONSTANT_CONVERSION = YES;
				CLANG_WARN_DEPRECATED_OBJC_IMPLEMENTATIONS = YES;
				CLANG_WARN_DIRECT_OBJC_ISA_USAGE = YES_ERROR;
				CLANG_WARN_DOCUMENTATION_COMMENTS = YES;
				CLANG_WARN_EMPTY_BODY = YES;
				CLANG_WARN_ENUM_CONVERSION = YES;
				CLANG_WARN_INFINITE_RECURSION = YES;
				CLANG_WARN_INT_CONVERSION = YES;
				CLANG_WARN_NON_LITERAL_NULL_CONVERSION = YES;
				CLANG_WARN_OBJC_IMPLICIT_RETAIN_SELF = YES;
				CLANG_WARN_OBJC_LITERAL_CONVERSION = YES;
				CLANG_WARN_OBJC_ROOT_CLASS = YES_ERROR;
				CLANG_WARN_RANGE_LOOP_ANALYSIS = YES;
				CLANG_WARN_STRICT_PROTOTYPES = YES;
				CLANG_WARN_SUSPICIOUS_MOVE = YES;
				CLANG_WARN_UNGUARDED_AVAILABILITY = YES_AGGRESSIVE;
				CLANG_WARN_UNREACHABLE_CODE = YES;
				CLANG_WARN__DUPLICATE_METHOD_MATCH = YES;
				COPY_PHASE_STRIP = NO;
				CURRENT_PROJECT_VERSION = 3.2.0;
				DEBUG_INFORMATION_FORMAT = "dwarf-with-dsym";
				ENABLE_NS_ASSERTIONS = NO;
				ENABLE_STRICT_OBJC_MSGSEND = YES;
				FRAMEWORK_SEARCH_PATHS = "$(PROJECT_DIR)/../Frameworks/universal";
				GCC_C_LANGUAGE_STANDARD = gnu11;
				GCC_NO_COMMON_BLOCKS = YES;
				GCC_WARN_64_TO_32_BIT_CONVERSION = YES;
				GCC_WARN_ABOUT_RETURN_TYPE = YES_ERROR;
				GCC_WARN_UNDECLARED_SELECTOR = YES;
				GCC_WARN_UNINITIALIZED_AUTOS = YES_AGGRESSIVE;
				GCC_WARN_UNUSED_FUNCTION = YES;
				GCC_WARN_UNUSED_VARIABLE = YES;
				IPHONEOS_DEPLOYMENT_TARGET = 13.1;
				MTL_ENABLE_DEBUG_INFO = NO;
				MTL_FAST_MATH = YES;
				SDKROOT = iphoneos;
				SWIFT_COMPILATION_MODE = wholemodule;
				SWIFT_OPTIMIZATION_LEVEL = "-O";
				VALIDATE_PRODUCT = YES;
			};
			name = Release;
		};
		79CC69A72355B5D9007A94A1 /* Debug */ = {
			isa = XCBuildConfiguration;
			buildSettings = {
				ASSETCATALOG_COMPILER_APPICON_NAME = AppIcon.Swift;
				CODE_SIGN_ENTITLEMENTS = ExampleSwift/ExampleSwift.entitlements;
				CODE_SIGN_STYLE = Automatic;
				DEVELOPMENT_TEAM = G6U22Z6MLM;
				INFOPLIST_FILE = "$(SRCROOT)/ExampleSwift/Application/Info.plist";
				IPHONEOS_DEPLOYMENT_TARGET = 8.0;
				LD_RUNPATH_SEARCH_PATHS = (
					"$(inherited)",
					"@executable_path/Frameworks",
					Threads.framework,
				);
				PRODUCT_BUNDLE_IDENTIFIER = im.threads.ExampleSwift;
				PRODUCT_NAME = "$(TARGET_NAME)";
				SWIFT_OBJC_BRIDGING_HEADER = "ExampleSwift/Application/ExampleSwift-Bridging-Header.h";
				SWIFT_VERSION = 5.0;
				TARGETED_DEVICE_FAMILY = "1,2";
			};
			name = Debug;
		};
		79CC69A82355B5D9007A94A1 /* Release */ = {
			isa = XCBuildConfiguration;
			buildSettings = {
				ASSETCATALOG_COMPILER_APPICON_NAME = AppIcon.Swift;
				CODE_SIGN_ENTITLEMENTS = ExampleSwift/ExampleSwift.entitlements;
				CODE_SIGN_STYLE = Automatic;
				DEVELOPMENT_TEAM = G6U22Z6MLM;
				INFOPLIST_FILE = "$(SRCROOT)/ExampleSwift/Application/Info.plist";
				IPHONEOS_DEPLOYMENT_TARGET = 8.0;
				LD_RUNPATH_SEARCH_PATHS = (
					"$(inherited)",
					"@executable_path/Frameworks",
					Threads.framework,
				);
				PRODUCT_BUNDLE_IDENTIFIER = im.threads.ExampleObjC;
				PRODUCT_NAME = "$(TARGET_NAME)";
				SWIFT_OBJC_BRIDGING_HEADER = "ExampleSwift/Application/ExampleSwift-Bridging-Header.h";
				SWIFT_VERSION = 5.0;
				TARGETED_DEVICE_FAMILY = "1,2";
			};
			name = Release;
		};
/* End XCBuildConfiguration section */

/* Begin XCConfigurationList section */
		799E15362355B4E800E572B8 /* Build configuration list for PBXProject "Example" */ = {
			isa = XCConfigurationList;
			buildConfigurations = (
				799E154D2355B4EA00E572B8 /* Debug */,
				799E154E2355B4EA00E572B8 /* Release */,
			);
			defaultConfigurationIsVisible = 0;
			defaultConfigurationName = Release;
		};
		79CC69A62355B5D9007A94A1 /* Build configuration list for PBXNativeTarget "ExampleSwift" */ = {
			isa = XCConfigurationList;
			buildConfigurations = (
				79CC69A72355B5D9007A94A1 /* Debug */,
				79CC69A82355B5D9007A94A1 /* Release */,
			);
			defaultConfigurationIsVisible = 0;
			defaultConfigurationName = Release;
		};
/* End XCConfigurationList section */
	};
	rootObject = 799E15332355B4E800E572B8 /* Project object */;
}
